{
    "_readme": [
        "This file locks the dependencies of your project to a known state",
        "Read more about it at http://getcomposer.org/doc/01-basic-usage.md#composer-lock-the-lock-file"
    ],
    "hash": "faac8e5d9c169286fa11072fe3117e88",
    "packages": [
        {
            "name": "contao-community-alliance/composer-plugin",
            "version": "dev-master",
            "source": {
                "type": "git",
                "url": "https://github.com/contao-community-alliance/composer-plugin.git",
                "reference": "61f535fb513812aeb416b372034b62d6c7f2d75e"
            },
            "dist": {
                "type": "zip",
                "url": "https://api.github.com/repos/contao-community-alliance/composer-plugin/zipball/61f535fb513812aeb416b372034b62d6c7f2d75e",
                "reference": "61f535fb513812aeb416b372034b62d6c7f2d75e",
                "shasum": ""
            },
            "require": {
                "composer-plugin-api": "1.0.0",
                "contao/core": ">=2.11,<3.3"
            },
            "conflict": {
                "contao-community-alliance/composer": "<0.7.10",
                "contao/core": "3.0.*"
            },
            "replace": {
                "contao-community-alliance/composer-installer": "1.7.1"
            },
            "require-dev": {
                "bit3/php-coding-standard": "*",
                "composer/composer": "dev-master",
                "pdepend/pdepend": "1.1.*",
                "phpunit/phpunit": "~3.7.10"
            },
            "type": "composer-plugin",
            "extra": {
                "class": "ContaoCommunityAlliance\\Composer\\Plugin\\Plugin",
                "branch-alias": {
                    "dev-develop": "2.0.x-dev"
                }
            },
            "autoload": {
                "psr-0": {
                    "ContaoCommunityAlliance\\Composer\\Plugin": "src/"
                }
            },
            "notification-url": "https://packagist.org/downloads/",
            "license": [
                "LGPL-3.0+"
            ],
            "description": "Composer plugin that provide contao integration and installer.",
            "time": "2013-12-04 11:15:00"
        },
        {
            "name": "contao-community-alliance/dependency-container",
            "version": "dev-develop",
            "source": {
                "type": "git",
                "url": "https://github.com/contao-community-alliance/dependency-container.git",
                "reference": "07290eb0665850b6cd14ac5a5034586ec039ccc3"
            },
            "dist": {
                "type": "zip",
                "url": "https://api.github.com/repos/contao-community-alliance/dependency-container/zipball/07290eb0665850b6cd14ac5a5034586ec039ccc3",
                "reference": "07290eb0665850b6cd14ac5a5034586ec039ccc3",
                "shasum": ""
            },
            "require": {
                "contao-community-alliance/composer-installer": "*",
                "contao/core": ">=2.11,<3.3",
                "php": ">=5.3",
                "pimple/pimple": "~1"
            },
            "replace": {
                "bit3/contao-dependency-container": "self.version",
                "contao-legacy/dependency-container": "self.version"
            },
            "suggest": {
                "contao-community-alliance/dependency-container-inspector": "*"
            },
            "type": "contao-module",
            "extra": {
                "contao": {
                    "sources": {
                        "contao": "system/modules/dependency-container"
                    }
                },
                "branch-alias": {
                    "dev-master": "1.4.x-dev",
                    "dev-develop": "1.5.x-dev"
                }
            },
            "autoload": {
                "psr-0": {
                    "DependencyInjection\\Container": "src/"
                }
            },
            "notification-url": "https://packagist.org/downloads/",
            "license": [
                "LGPL-3.0+"
            ],
            "authors": [
                {
                    "name": "Tristan Lins",
                    "email": "tristan.lins@bit3.de",
                    "homepage": "http://bit3.de/",
                    "role": "Developer"
                }
            ],
            "description": "Dependency container based on pimple for Contao open source cms.",
            "homepage": "http://c-c-a.org/",
            "keywords": [
                "container",
                "contao",
                "dependency",
                "di",
                "injection"
            ],
            "time": "2014-02-05 22:08:08"
        },
        {
            "name": "contao-community-alliance/event-dispatcher",
            "version": "dev-develop",
            "source": {
                "type": "git",
                "url": "https://github.com/contao-community-alliance/event-dispatcher.git",
                "reference": "cbb565efa18b163a6fd70f3d12efd30ae927bae3"
            },
            "dist": {
                "type": "zip",
                "url": "https://api.github.com/repos/contao-community-alliance/event-dispatcher/zipball/cbb565efa18b163a6fd70f3d12efd30ae927bae3",
                "reference": "cbb565efa18b163a6fd70f3d12efd30ae927bae3",
                "shasum": ""
            },
            "require": {
                "contao-community-alliance/composer-installer": "*",
                "contao-community-alliance/dependency-container": "~1.4",
                "contao/core": ">=2.11,<3.3",
                "php": ">=5.3",
                "symfony/event-dispatcher": "2.3.*"
            },
            "replace": {
                "bit3/contao-event-dispatcher": "self.version"
            },
            "type": "contao-module",
            "extra": {
                "contao": {
                    "sources": {
                        "contao": "system/modules/event-dispatcher"
                    }
                },
                "branch-alias": {
                    "dev-master": "1.0.x-dev",
                    "dev-develop": "1.1.x-dev"
                }
            },
            "autoload": {
                "psr-0": {
                    "ContaoCommunityAlliance\\Contao\\EventDispatcher": "src/"
                }
            },
            "notification-url": "https://packagist.org/downloads/",
            "license": [
                "LGPL-3.0+"
            ],
            "authors": [
                {
                    "name": "Tristan Lins",
                    "email": "tristan.lins@bit3.de",
                    "homepage": "http://bit3.de/",
                    "role": "Developer"
                }
            ],
            "description": "Event dispatcher service for Contao Open Source CMS",
            "homepage": "http://c-c-a.org/",
            "keywords": [
                "contao",
                "event"
            ],
            "time": "2014-02-05 22:08:03"
        },
        {
            "name": "contao-community-alliance/events-contao-bindings",
            "version": "dev-master",
            "source": {
                "type": "git",
                "url": "https://github.com/contao-community-alliance/events-contao-bindings.git",
                "reference": "79d71dd96d5ad13023bd095dc947f74457e7c594"
            },
            "dist": {
                "type": "zip",
                "url": "https://api.github.com/repos/contao-community-alliance/events-contao-bindings/zipball/79d71dd96d5ad13023bd095dc947f74457e7c594",
                "reference": "79d71dd96d5ad13023bd095dc947f74457e7c594",
                "shasum": ""
            },
            "require": {
                "contao-community-alliance/composer-installer": "*",
                "contao-community-alliance/event-dispatcher": "~1.0",
                "contao/core": "~3.2",
                "php": ">=5.3"
            },
            "conflict": {
                "contao/core": "3.0.*"
            },
            "require-dev": {
                "metamodels/php-coding-standard": "dev-master",
                "phpunit/phpunit": ">=3.7.10,<4-dev"
            },
            "type": "contao-module",
            "extra": {
                "branch-alias": {
                    "dev-master": "3.2.x-dev"
                },
                "contao": {
                    "sources": {
                        "contao": "system/modules/events-contao-bindings"
                    }
                }
            },
            "autoload": {
                "psr-0": {
                    "ContaoCommunityAlliance\\Contao\\Bindings": "src"
                }
            },
            "notification-url": "https://packagist.org/downloads/",
            "license": [
                "LGPL-3.0+"
            ],
            "authors": [
                {
                    "name": "Tristan Lins",
                    "email": "tristan.lins@bit3.de",
                    "homepage": "http://bit3.de/",
                    "role": "Developer"
                },
                {
                    "name": "Christian Schiffler",
                    "email": "c.schiffler@cyberspectrum.de",
                    "homepage": "http://www.cyberspectrum.de",
                    "role": "Developer"
                }
            ],
            "description": "Multipurpose translation manager and interface",
            "homepage": "http://c-c-a.org/",
            "keywords": [
                "contao",
                "translation"
            ],
            "time": "2014-01-14 03:47:01"
        },
        {
            "name": "contao-community-alliance/translator",
            "version": "dev-master",
            "source": {
                "type": "git",
                "url": "https://github.com/contao-community-alliance/translator.git",
                "reference": "f6702dd679490a691498e0b7365e61d880389e33"
            },
            "dist": {
                "type": "zip",
                "url": "https://api.github.com/repos/contao-community-alliance/translator/zipball/f6702dd679490a691498e0b7365e61d880389e33",
                "reference": "f6702dd679490a691498e0b7365e61d880389e33",
                "shasum": ""
            },
            "require": {
                "contao-community-alliance/composer-installer": "*",
                "contao-community-alliance/event-dispatcher": "~1.0",
                "contao-community-alliance/events-contao-bindings": "~3.2@dev",
                "php": ">=5.3"
            },
            "require-dev": {
                "metamodels/php-coding-standard": "dev-master",
                "phpunit/phpunit": ">=3.7.10,<4-dev"
            },
            "type": "contao-module",
            "extra": {
                "branch-alias": {
                    "dev-master": "1.0.x-dev"
                }
            },
            "autoload": {
                "psr-0": {
                    "ContaoCommunityAlliance\\Translator": "src"
                }
            },
            "notification-url": "https://packagist.org/downloads/",
            "license": [
                "LGPL-3.0+"
            ],
            "authors": [
                {
                    "name": "Tristan Lins",
                    "email": "tristan.lins@bit3.de",
                    "homepage": "http://bit3.de/",
                    "role": "Developer"
                },
                {
                    "name": "Christian Schiffler",
                    "email": "c.schiffler@cyberspectrum.de",
                    "homepage": "http://www.cyberspectrum.de",
                    "role": "Developer"
                }
            ],
            "description": "Multipurpose translation manager and interface",
            "homepage": "http://c-c-a.org/",
            "keywords": [
                "contao",
                "translation"
            ],
            "time": "2014-02-05 22:32:23"
        },
        {
            "name": "contao/core",
            "version": "3.2.5",
            "source": {
                "type": "git",
                "url": "https://github.com/contao-community-alliance/composerized-contao-core.git",
                "reference": "4f2791f8bc9003808f650168f96ff154d1445216"
            },
            "dist": {
                "type": "zip",
                "url": "https://api.github.com/repos/contao-community-alliance/composerized-contao-core/zipball/4f2791f8bc9003808f650168f96ff154d1445216",
                "reference": "4f2791f8bc9003808f650168f96ff154d1445216",
                "shasum": ""
            },
            "require": {
                "php": ">=5.3.2"
            },
            "type": "library",
            "autoload": {
                "classmap": [
                    "system/modules"
                ]
            },
            "notification-url": "https://packagist.org/downloads/",
            "license": [
                "LGPL-3.0"
            ],
            "authors": [
                {
                    "name": "Leo Feyer",
                    "email": "github@contao.org",
                    "homepage": "https://contao.org",
                    "role": "Project leader"
                }
            ],
            "description": "Contao Open Source CMS",
            "homepage": "https://contao.org",
            "keywords": [
                "contao",
                "core"
            ],
            "time": "2014-02-04 01:00:39"
        },
        {
            "name": "pimple/pimple",
            "version": "1.1.x-dev",
            "source": {
                "type": "git",
                "url": "https://github.com/fabpot/Pimple.git",
                "reference": "2019c145fe393923f3441b23f29bbdfaa5c58c4d"
            },
            "dist": {
                "type": "zip",
                "url": "https://api.github.com/repos/fabpot/Pimple/zipball/2019c145fe393923f3441b23f29bbdfaa5c58c4d",
                "reference": "2019c145fe393923f3441b23f29bbdfaa5c58c4d",
                "shasum": ""
            },
            "require": {
                "php": ">=5.3.0"
            },
            "type": "library",
            "extra": {
                "branch-alias": {
                    "dev-master": "1.1.x-dev"
                }
            },
            "autoload": {
                "psr-0": {
                    "Pimple": "lib/"
                }
            },
            "notification-url": "https://packagist.org/downloads/",
            "license": [
                "MIT"
            ],
            "authors": [
                {
                    "name": "Fabien Potencier",
                    "email": "fabien@symfony.com"
                }
            ],
            "description": "Pimple is a simple Dependency Injection Container for PHP 5.3",
            "homepage": "http://pimple.sensiolabs.org",
            "keywords": [
                "container",
                "dependency injection"
            ],
            "time": "2013-11-22 08:30:29"
        },
        {
            "name": "symfony/event-dispatcher",
            "version": "2.3.x-dev",
            "target-dir": "Symfony/Component/EventDispatcher",
            "source": {
                "type": "git",
                "url": "https://github.com/symfony/EventDispatcher.git",
                "reference": "a11954795d9947cbb6ab1446707c59dc1739759c"
            },
            "dist": {
                "type": "zip",
                "url": "https://api.github.com/repos/symfony/EventDispatcher/zipball/a11954795d9947cbb6ab1446707c59dc1739759c",
                "reference": "a11954795d9947cbb6ab1446707c59dc1739759c",
                "shasum": ""
            },
            "require": {
                "php": ">=5.3.3"
            },
            "require-dev": {
                "symfony/dependency-injection": "~2.0"
            },
            "suggest": {
                "symfony/dependency-injection": "",
                "symfony/http-kernel": ""
            },
            "type": "library",
            "extra": {
                "branch-alias": {
                    "dev-master": "2.3-dev"
                }
            },
            "autoload": {
                "psr-0": {
                    "Symfony\\Component\\EventDispatcher\\": ""
                }
            },
            "notification-url": "https://packagist.org/downloads/",
            "license": [
                "MIT"
            ],
            "authors": [
                {
                    "name": "Fabien Potencier",
                    "email": "fabien@symfony.com"
                },
                {
                    "name": "Symfony Community",
                    "homepage": "http://symfony.com/contributors"
                }
            ],
            "description": "Symfony EventDispatcher Component",
            "homepage": "http://symfony.com",
            "time": "2014-01-07 13:19:25"
        }
    ],
    "packages-dev": [
        {
            "name": "metamodels/php-coding-standard",
            "version": "dev-master",
            "source": {
                "type": "git",
                "url": "https://github.com/MetaModels/php-coding-standard.git",
                "reference": "d79ef7cc19d6af48cafd85b8c9c7cab92e9aa599"
            },
            "dist": {
                "type": "zip",
                "url": "https://api.github.com/repos/MetaModels/php-coding-standard/zipball/d79ef7cc19d6af48cafd85b8c9c7cab92e9aa599",
                "reference": "d79ef7cc19d6af48cafd85b8c9c7cab92e9aa599",
                "shasum": ""
            },
            "require": {
                "php": ">=5.3.0",
                "squizlabs/php_codesniffer": "*"
            },
            "type": "library",
            "extra": {
                "branch-alias": {
                    "dev-master": "1.0.x-dev"
                }
            },
            "autoload": {
                "classmap": [
                    "MetaModels"
                ]
            },
            "notification-url": "https://packagist.org/downloads/",
            "license": [
                "GPL-2.0"
            ],
            "authors": [
                {
                    "name": "Christian Schiffler",
                    "email": "c.schiffler@cyberspectrum.de",
                    "homepage": "http://www.cyberspectrum.de",
                    "role": "Developer"
                },
                {
                    "name": "Stefan Heimes",
                    "email": "heimes@men-at-work.de",
                    "homepage": "http://www.men-at-work.de",
                    "role": "Developer"
                }
            ],
            "description": "This package contains all needed custom PHP_CodeSniffer sniffs for MetaModel codebase and extensions along with the ruleset.xml file for checking the MetaModels codebase.",
            "homepage": "http://now.metamodel.me/",
            "keywords": [
                "codesniffer",
                "contao",
                "guidelines",
                "metamodels",
                "standard"
            ],
            "time": "2013-12-23 17:11:04"
        },
        {
            "name": "pdepend/pdepend",
            "version": "1.1.3",
            "source": {
                "type": "git",
                "url": "https://github.com/pdepend/pdepend.git",
                "reference": "1537f19d62d7b30c13ac173270106df7c6b9c459"
            },
            "dist": {
                "type": "zip",
                "url": "https://api.github.com/repos/pdepend/pdepend/zipball/1537f19d62d7b30c13ac173270106df7c6b9c459",
                "reference": "1537f19d62d7b30c13ac173270106df7c6b9c459",
                "shasum": ""
            },
            "require": {
                "php": ">=5.2.3"
            },
            "bin": [
                "src/bin/pdepend"
            ],
            "type": "library",
            "autoload": {
                "psr-0": {
                    "PHP_": "src/main/php/"
                }
            },
            "notification-url": "https://packagist.org/downloads/",
            "license": [
                "BSD-3-Clause"
            ],
            "description": "Official version of pdepend to be handled with Composer",
            "time": "2013-12-04 17:46:00"
        },
        {
            "name": "phpmd/phpmd",
            "version": "1.5.0",
            "source": {
                "type": "git",
                "url": "https://github.com/phpmd/phpmd.git",
                "reference": "692b7b1b64518091b2b1bea91b489dbb13598c07"
            },
            "dist": {
                "type": "zip",
                "url": "https://api.github.com/repos/phpmd/phpmd/zipball/692b7b1b64518091b2b1bea91b489dbb13598c07",
                "reference": "692b7b1b64518091b2b1bea91b489dbb13598c07",
                "shasum": ""
            },
            "require": {
                "pdepend/pdepend": ">=1.1.1",
                "php": ">=5.3.0"
            },
            "bin": [
                "src/bin/phpmd"
            ],
            "type": "library",
            "notification-url": "https://packagist.org/downloads/",
            "include-path": [
                "../../pdepend/pdepend/src/main/php",
                "src/main/php"
            ],
            "description": "Official version of PHPMD handled with Composer.",
            "time": "2013-07-26 14:47:02"
        },
        {
            "name": "phpunit/php-code-coverage",
            "version": "dev-master",
            "source": {
                "type": "git",
                "url": "https://github.com/sebastianbergmann/php-code-coverage.git",
                "reference": "2feaf8b65ff948ab38bab81d0ae8a85e9ef780a2"
            },
            "dist": {
                "type": "zip",
                "url": "https://api.github.com/repos/sebastianbergmann/php-code-coverage/zipball/2feaf8b65ff948ab38bab81d0ae8a85e9ef780a2",
                "reference": "2feaf8b65ff948ab38bab81d0ae8a85e9ef780a2",
                "shasum": ""
            },
            "require": {
                "php": ">=5.3.3",
                "phpunit/php-file-iterator": ">=1.3.0",
                "phpunit/php-text-template": ">=1.2.0",
                "phpunit/php-token-stream": ">=1.1.3",
                "sebastian/version": ">=1.0.0"
            },
            "require-dev": {
                "ext-xdebug": ">=2.1.4",
                "phpunit/phpunit": "3.9.*@dev"
            },
            "suggest": {
                "ext-dom": "*",
                "ext-xdebug": ">=2.2.1"
            },
            "type": "library",
            "extra": {
                "branch-alias": {
                    "dev-master": "1.4.x-dev"
                }
            },
            "autoload": {
                "classmap": [
                    "src/"
                ]
            },
            "notification-url": "https://packagist.org/downloads/",
            "include-path": [
                ""
            ],
            "license": [
                "BSD-3-Clause"
            ],
            "authors": [
                {
                    "name": "Sebastian Bergmann",
                    "email": "sb@sebastian-bergmann.de",
                    "role": "lead"
                }
            ],
            "description": "Library that provides collection, processing, and rendering functionality for PHP code coverage information.",
            "homepage": "https://github.com/sebastianbergmann/php-code-coverage",
            "keywords": [
                "coverage",
                "testing",
                "xunit"
            ],
            "time": "2014-02-03 07:43:59"
        },
        {
            "name": "phpunit/php-file-iterator",
            "version": "dev-master",
            "source": {
                "type": "git",
                "url": "https://github.com/sebastianbergmann/php-file-iterator.git",
                "reference": "acd690379117b042d1c8af1fafd61bde001bf6bb"
            },
            "dist": {
                "type": "zip",
                "url": "https://api.github.com/repos/sebastianbergmann/php-file-iterator/zipball/acd690379117b042d1c8af1fafd61bde001bf6bb",
                "reference": "acd690379117b042d1c8af1fafd61bde001bf6bb",
                "shasum": ""
            },
            "require": {
                "php": ">=5.3.3"
            },
            "type": "library",
            "autoload": {
                "classmap": [
                    "File/"
                ]
            },
            "notification-url": "https://packagist.org/downloads/",
            "include-path": [
                ""
            ],
            "license": [
                "BSD-3-Clause"
            ],
            "authors": [
                {
                    "name": "Sebastian Bergmann",
                    "email": "sb@sebastian-bergmann.de",
                    "role": "lead"
                }
            ],
            "description": "FilterIterator implementation that filters files based on a list of suffixes.",
            "homepage": "https://github.com/sebastianbergmann/php-file-iterator/",
            "keywords": [
                "filesystem",
                "iterator"
            ],
            "time": "2013-10-10 15:34:57"
        },
        {
            "name": "phpunit/php-text-template",
            "version": "dev-master",
            "source": {
                "type": "git",
                "url": "https://github.com/sebastianbergmann/php-text-template.git",
                "reference": "206dfefc0ffe9cebf65c413e3d0e809c82fbf00a"
            },
            "dist": {
                "type": "zip",
                "url": "https://api.github.com/repos/sebastianbergmann/php-text-template/zipball/206dfefc0ffe9cebf65c413e3d0e809c82fbf00a",
                "reference": "206dfefc0ffe9cebf65c413e3d0e809c82fbf00a",
                "shasum": ""
            },
            "require": {
                "php": ">=5.3.3"
            },
            "type": "library",
            "autoload": {
                "classmap": [
                    "Text/"
                ]
            },
            "notification-url": "https://packagist.org/downloads/",
            "include-path": [
                ""
            ],
            "license": [
                "BSD-3-Clause"
            ],
            "authors": [
                {
                    "name": "Sebastian Bergmann",
                    "email": "sb@sebastian-bergmann.de",
                    "role": "lead"
                }
            ],
            "description": "Simple template engine.",
            "homepage": "https://github.com/sebastianbergmann/php-text-template/",
            "keywords": [
                "template"
            ],
            "time": "2014-01-30 17:20:04"
        },
        {
            "name": "phpunit/php-timer",
            "version": "dev-master",
            "source": {
                "type": "git",
                "url": "https://github.com/sebastianbergmann/php-timer.git",
                "reference": "19689d4354b295ee3d8c54b4f42c3efb69cbc17c"
            },
            "dist": {
                "type": "zip",
                "url": "https://api.github.com/repos/sebastianbergmann/php-timer/zipball/19689d4354b295ee3d8c54b4f42c3efb69cbc17c",
                "reference": "19689d4354b295ee3d8c54b4f42c3efb69cbc17c",
                "shasum": ""
            },
            "require": {
                "php": ">=5.3.3"
            },
            "type": "library",
            "autoload": {
                "classmap": [
                    "PHP/"
                ]
            },
            "notification-url": "https://packagist.org/downloads/",
            "include-path": [
                ""
            ],
            "license": [
                "BSD-3-Clause"
            ],
            "authors": [
                {
                    "name": "Sebastian Bergmann",
                    "email": "sb@sebastian-bergmann.de",
                    "role": "lead"
                }
            ],
            "description": "Utility class for timing",
            "homepage": "https://github.com/sebastianbergmann/php-timer/",
            "keywords": [
                "timer"
            ],
            "time": "2013-08-02 07:42:54"
        },
        {
            "name": "phpunit/php-token-stream",
            "version": "dev-master",
            "source": {
                "type": "git",
                "url": "https://github.com/sebastianbergmann/php-token-stream.git",
                "reference": "292f4d5772dad5a12775be69f4a8dd663b20f103"
            },
            "dist": {
                "type": "zip",
                "url": "https://api.github.com/repos/sebastianbergmann/php-token-stream/zipball/292f4d5772dad5a12775be69f4a8dd663b20f103",
                "reference": "292f4d5772dad5a12775be69f4a8dd663b20f103",
                "shasum": ""
            },
            "require": {
                "ext-tokenizer": "*",
                "php": ">=5.3.3"
            },
            "type": "library",
            "extra": {
                "branch-alias": {
                    "dev-master": "1.2-dev"
                }
            },
            "autoload": {
                "classmap": [
                    "PHP/"
                ]
            },
            "notification-url": "https://packagist.org/downloads/",
            "include-path": [
                ""
            ],
            "license": [
                "BSD-3-Clause"
            ],
            "authors": [
                {
                    "name": "Sebastian Bergmann",
                    "email": "sb@sebastian-bergmann.de",
                    "role": "lead"
                }
            ],
            "description": "Wrapper around PHP's tokenizer extension.",
            "homepage": "https://github.com/sebastianbergmann/php-token-stream/",
            "keywords": [
                "tokenizer"
            ],
            "time": "2013-10-21 14:03:39"
        },
        {
            "name": "phpunit/phpunit",
            "version": "dev-master",
            "source": {
                "type": "git",
                "url": "https://github.com/sebastianbergmann/phpunit.git",
                "reference": "3e7c728f68faa8bb3de93f24ddfe891c27dd65fe"
            },
            "dist": {
                "type": "zip",
                "url": "https://api.github.com/repos/sebastianbergmann/phpunit/zipball/3e7c728f68faa8bb3de93f24ddfe891c27dd65fe",
                "reference": "3e7c728f68faa8bb3de93f24ddfe891c27dd65fe",
                "shasum": ""
            },
            "require": {
                "ext-dom": "*",
                "ext-pcre": "*",
                "ext-reflection": "*",
                "ext-spl": "*",
                "php": ">=5.3.3",
                "phpunit/php-code-coverage": "1.4.*@dev",
                "phpunit/php-file-iterator": ">=1.3.1",
                "phpunit/php-text-template": ">=1.1.1",
                "phpunit/php-timer": ">=1.0.2",
                "phpunit/phpunit-mock-objects": "1.4.*@dev",
                "sebastian/diff": ">=1.1.0",
                "sebastian/exporter": ">=1.0.0",
                "sebastian/version": ">=1.0.0",
                "symfony/yaml": "~2.0"
            },
            "suggest": {
                "ext-json": "*",
                "ext-simplexml": "*",
                "ext-tokenizer": "*",
                "phpunit/php-invoker": ">=1.1.0"
            },
            "bin": [
                "phpunit"
            ],
            "type": "library",
            "extra": {
                "branch-alias": {
                    "dev-master": "3.9.x-dev"
                }
            },
            "autoload": {
                "classmap": [
                    "src/"
                ]
            },
            "notification-url": "https://packagist.org/downloads/",
            "include-path": [
                "",
                "../../symfony/yaml/"
            ],
            "license": [
                "BSD-3-Clause"
            ],
            "authors": [
                {
                    "name": "Sebastian Bergmann",
                    "email": "sebastian@phpunit.de",
                    "role": "lead"
                }
            ],
            "description": "The PHP Unit Testing framework.",
            "homepage": "http://www.phpunit.de/",
            "keywords": [
                "phpunit",
                "testing",
                "xunit"
            ],
            "time": "2014-02-02 09:06:55"
        },
        {
            "name": "phpunit/phpunit-mock-objects",
            "version": "dev-master",
            "source": {
                "type": "git",
                "url": "https://github.com/sebastianbergmann/phpunit-mock-objects.git",
                "reference": "04936ec2261b150a758d92c4159e0d98c34d8b75"
            },
            "dist": {
                "type": "zip",
                "url": "https://api.github.com/repos/sebastianbergmann/phpunit-mock-objects/zipball/04936ec2261b150a758d92c4159e0d98c34d8b75",
                "reference": "04936ec2261b150a758d92c4159e0d98c34d8b75",
                "shasum": ""
            },
            "require": {
                "php": ">=5.3.3",
                "phpunit/php-text-template": ">=1.1.1"
            },
            "require-dev": {
                "phpunit/phpunit": "3.9.*@dev"
            },
            "suggest": {
                "ext-soap": "*"
            },
            "type": "library",
            "extra": {
                "branch-alias": {
                    "dev-master": "1.4.x-dev"
                }
            },
            "autoload": {
                "classmap": [
                    "src/"
                ]
            },
            "notification-url": "https://packagist.org/downloads/",
            "include-path": [
                ""
            ],
            "license": [
                "BSD-3-Clause"
            ],
            "authors": [
                {
                    "name": "Sebastian Bergmann",
                    "email": "sb@sebastian-bergmann.de",
                    "role": "lead"
                }
            ],
            "description": "Mock Object library for PHPUnit",
            "homepage": "https://github.com/sebastianbergmann/phpunit-mock-objects/",
            "keywords": [
                "mock",
                "xunit"
            ],
            "time": "2014-02-06 17:04:58"
        },
        {
            "name": "sebastian/diff",
            "version": "dev-master",
            "source": {
                "type": "git",
                "url": "https://github.com/sebastianbergmann/diff.git",
                "reference": "1e091702a5a38e6b4c1ba9ca816e3dd343df2e2d"
            },
            "dist": {
                "type": "zip",
                "url": "https://api.github.com/repos/sebastianbergmann/diff/zipball/1e091702a5a38e6b4c1ba9ca816e3dd343df2e2d",
                "reference": "1e091702a5a38e6b4c1ba9ca816e3dd343df2e2d",
                "shasum": ""
            },
            "require": {
                "php": ">=5.3.3"
            },
            "type": "library",
            "extra": {
                "branch-alias": {
                    "dev-master": "1.1-dev"
                }
            },
            "autoload": {
                "classmap": [
                    "src/"
                ]
            },
            "notification-url": "https://packagist.org/downloads/",
            "license": [
                "BSD-3-Clause"
            ],
            "authors": [
                {
                    "name": "Sebastian Bergmann",
                    "email": "sebastian@phpunit.de",
                    "role": "lead"
                },
                {
                    "name": "Kore Nordmann",
                    "email": "mail@kore-nordmann.de"
                }
            ],
            "description": "Diff implementation",
            "homepage": "http://www.github.com/sebastianbergmann/diff",
            "keywords": [
                "diff"
            ],
            "time": "2013-08-03 16:46:33"
        },
        {
            "name": "sebastian/exporter",
            "version": "dev-master",
            "source": {
                "type": "git",
                "url": "https://github.com/sebastianbergmann/exporter.git",
                "reference": "4898c246602e98f13b76402b4743a288447ad313"
            },
            "dist": {
                "type": "zip",
                "url": "https://api.github.com/repos/sebastianbergmann/exporter/zipball/4898c246602e98f13b76402b4743a288447ad313",
                "reference": "4898c246602e98f13b76402b4743a288447ad313",
                "shasum": ""
            },
            "require": {
                "php": ">=5.3.3"
            },
            "require-dev": {
                "phpunit/phpunit": "3.8.*@dev"
            },
            "type": "library",
            "extra": {
                "branch-alias": {
                    "dev-master": "1.0.x-dev"
                }
            },
            "autoload": {
                "classmap": [
                    "src/"
                ]
            },
            "notification-url": "https://packagist.org/downloads/",
            "license": [
                "BSD-3-Clause"
            ],
            "authors": [
                {
                    "name": "Sebastian Bergmann",
                    "email": "sebastian@phpunit.de",
                    "role": "lead"
                },
                {
                    "name": "Jeff Welch",
                    "email": "whatthejeff@gmail.com"
                },
                {
                    "name": "Volker Dusch",
                    "email": "github@wallbash.com"
                },
                {
                    "name": "Adam Harvey",
                    "email": "aharvey@php.net"
                },
                {
                    "name": "Bernhard Schussek",
                    "email": "bschussek@2bepublished.at"
                }
            ],
            "description": "Provides the functionality to export PHP variables for visualization",
            "homepage": "http://www.github.com/sebastianbergmann/exporter",
            "keywords": [
                "export",
                "exporter"
            ],
            "time": "2014-02-04 20:44:57"
        },
        {
            "name": "sebastian/version",
            "version": "dev-master",
            "source": {
                "type": "git",
                "url": "https://github.com/sebastianbergmann/version.git",
                "reference": "b5ed060223916b485002b02605e20ba04a741f03"
            },
            "dist": {
                "type": "zip",
                "url": "https://api.github.com/repos/sebastianbergmann/version/zipball/b5ed060223916b485002b02605e20ba04a741f03",
                "reference": "b5ed060223916b485002b02605e20ba04a741f03",
                "shasum": ""
            },
            "type": "library",
            "autoload": {
                "classmap": [
                    "src/"
                ]
            },
            "notification-url": "https://packagist.org/downloads/",
            "license": [
                "BSD-3-Clause"
            ],
            "authors": [
                {
                    "name": "Sebastian Bergmann",
                    "email": "sebastian@phpunit.de",
                    "role": "lead"
                }
            ],
            "description": "Library that helps with managing the version number of Git-hosted PHP projects",
            "homepage": "https://github.com/sebastianbergmann/version",
            "time": "2013-07-31 05:26:57"
        },
        {
            "name": "squizlabs/php_codesniffer",
            "version": "dev-master",
            "source": {
                "type": "git",
                "url": "https://github.com/squizlabs/PHP_CodeSniffer.git",
                "reference": "c09f15dba17ddc656cb580dbad25177ee3eb0c94"
            },
            "dist": {
                "type": "zip",
                "url": "https://api.github.com/repos/squizlabs/PHP_CodeSniffer/zipball/c09f15dba17ddc656cb580dbad25177ee3eb0c94",
                "reference": "c09f15dba17ddc656cb580dbad25177ee3eb0c94",
                "shasum": ""
            },
            "require": {
                "ext-tokenizer": "*",
                "php": ">=5.1.2"
            },
            "suggest": {
                "phpunit/php-timer": "dev-master"
            },
            "bin": [
                "scripts/phpcs"
            ],
            "type": "library",
            "autoload": {
                "classmap": [
                    "CodeSniffer.php",
                    "CodeSniffer/CLI.php",
                    "CodeSniffer/Exception.php",
                    "CodeSniffer/File.php",
                    "CodeSniffer/Report.php",
                    "CodeSniffer/Reporting.php",
                    "CodeSniffer/Sniff.php",
                    "CodeSniffer/Tokens.php",
                    "CodeSniffer/Reports/",
                    "CodeSniffer/CommentParser/",
                    "CodeSniffer/Tokenizers/",
                    "CodeSniffer/DocGenerators/",
                    "CodeSniffer/Standards/AbstractPatternSniff.php",
                    "CodeSniffer/Standards/AbstractScopeSniff.php",
                    "CodeSniffer/Standards/AbstractVariableSniff.php",
                    "CodeSniffer/Standards/IncorrectPatternException.php",
                    "CodeSniffer/Standards/Generic/Sniffs/",
                    "CodeSniffer/Standards/MySource/Sniffs/",
                    "CodeSniffer/Standards/PEAR/Sniffs/",
                    "CodeSniffer/Standards/PSR1/Sniffs/",
                    "CodeSniffer/Standards/PSR2/Sniffs/",
                    "CodeSniffer/Standards/Squiz/Sniffs/",
                    "CodeSniffer/Standards/Zend/Sniffs/"
                ]
            },
            "notification-url": "https://packagist.org/downloads/",
            "license": [
                "BSD-3-Clause"
            ],
            "authors": [
                {
                    "name": "Greg Sherwood",
                    "role": "lead"
                }
            ],
            "description": "PHP_CodeSniffer tokenises PHP, JavaScript and CSS files and detects violations of a defined set of coding standards.",
            "homepage": "http://www.squizlabs.com/php-codesniffer",
            "keywords": [
                "phpcs",
                "standards"
            ],
            "time": "2014-02-05 21:27:07"
        },
        {
            "name": "symfony/yaml",
            "version": "dev-master",
            "target-dir": "Symfony/Component/Yaml",
            "source": {
                "type": "git",
                "url": "https://github.com/symfony/Yaml.git",
                "reference": "9921872611710df49cf035c259e5a461ea2d0f8c"
            },
            "dist": {
                "type": "zip",
                "url": "https://api.github.com/repos/symfony/Yaml/zipball/9921872611710df49cf035c259e5a461ea2d0f8c",
                "reference": "9921872611710df49cf035c259e5a461ea2d0f8c",
                "shasum": ""
            },
            "require": {
                "php": ">=5.3.3"
            },
            "type": "library",
            "extra": {
                "branch-alias": {
                    "dev-master": "2.5-dev"
                }
            },
            "autoload": {
                "psr-0": {
                    "Symfony\\Component\\Yaml\\": ""
                }
            },
            "notification-url": "https://packagist.org/downloads/",
            "license": [
                "MIT"
            ],
            "authors": [
                {
                    "name": "Fabien Potencier",
                    "email": "fabien@symfony.com"
                },
                {
                    "name": "Symfony Community",
                    "homepage": "http://symfony.com/contributors"
                }
            ],
            "description": "Symfony Yaml Component",
            "homepage": "http://symfony.com",
            "time": "2014-01-07 13:29:57"
        }
    ],
    "aliases": [

    ],
    "minimum-stability": "dev",
    "stability-flags": {
        "contao-community-alliance/event-dispatcher": 20,
        "contao-community-alliance/translator": 20
    },
    "platform": {
        "php": ">=5.3"
    },
    "platform-dev": [

    ]
}
