{
    "_readme": [
        "This file locks the dependencies of your project to a known state",
        "Read more about it at http://getcomposer.org/doc/01-basic-usage.md#composer-lock-the-lock-file"
    ],
    "hash": "84f2379c53d9526b423081a49158ccc6",
    "packages": [
        {
            "name": "contao-community-alliance/backports-initialize-system",
            "version": "dev-master",
            "source": {
                "type": "git",
                "url": "https://github.com/contao-community-alliance/backports-initialize-system.git",
                "reference": "07d3a70728db2fdf74cfd16d0b2c4b5b0223111b"
            },
            "dist": {
                "type": "zip",
                "url": "https://api.github.com/repos/contao-community-alliance/backports-initialize-system/zipball/07d3a70728db2fdf74cfd16d0b2c4b5b0223111b",
                "reference": "07d3a70728db2fdf74cfd16d0b2c4b5b0223111b",
                "shasum": ""
            },
            "require": {
                "contao-community-alliance/composer-installer": "*",
                "contao/core": ">=2.11-dev,<4-dev",
                "php": ">=5.3"
            },
            "type": "contao-module",
            "extra": {
                "contao": {
                    "sources": {
                        "module": "system/modules/backports-initialize-system"
                    }
                },
                "branch-alias": {
                    "dev-master": "1.0.x-dev"
                }
            },
            "autoload": {
                "psr-0": {
                    "ContaoCommunityAlliance\\Contao\\Backports": "src/"
                }
            },
            "notification-url": "https://packagist.org/downloads/",
            "license": [
                "LGPL-3.0+"
            ],
            "authors": [
                {
                    "name": "Tristan Lins",
                    "email": "tristan.lins@bit3.de",
                    "homepage": "http://bit3.de",
                    "role": "Developer"
                }
            ],
            "description": "Backport of the initializeSystem Hook for Contao Open Source CMS.",
            "keywords": [
                "backports",
                "contao"
            ],
            "time": "2014-02-12 16:41:52"
        },
        {
            "name": "contao-community-alliance/composer-plugin",
            "version": "dev-develop",
            "source": {
                "type": "git",
                "url": "https://github.com/contao-community-alliance/composer-plugin.git",
                "reference": "dce7d56ff2753a4be89127883d384891c40651d9"
            },
            "dist": {
                "type": "zip",
                "url": "https://api.github.com/repos/contao-community-alliance/composer-plugin/zipball/dce7d56ff2753a4be89127883d384891c40651d9",
                "reference": "dce7d56ff2753a4be89127883d384891c40651d9",
                "shasum": ""
            },
            "require": {
                "composer-plugin-api": "1.0.0"
            },
            "conflict": {
                "contao-community-alliance/composer": "<0.9-dev",
                "contao/core": "3.0.*"
            },
            "replace": {
                "contao-community-alliance/composer-installer": "1.7.1"
            },
            "require-dev": {
                "bit3/php-coding-standard": "*",
                "composer/composer": "dev-master",
                "pdepend/pdepend": "1.1.*",
                "phpunit/phpunit": ">=3.7.10,<4-dev"
            },
            "type": "composer-plugin",
            "extra": {
                "class": "ContaoCommunityAlliance\\Composer\\Plugin\\Plugin",
                "branch-alias": {
                    "dev-develop": "2.0.x-dev"
                }
            },
            "autoload": {
                "psr-0": {
                    "ContaoCommunityAlliance\\Composer\\Plugin": "src/"
                }
            },
            "notification-url": "https://packagist.org/downloads/",
            "license": [
                "LGPL-3.0+"
            ],
            "description": "Composer plugin that provide contao integration and installer.",
            "time": "2014-04-08 02:36:46"
        },
        {
            "name": "contao-community-alliance/dependency-container",
            "version": "dev-develop",
            "source": {
                "type": "git",
                "url": "https://github.com/contao-community-alliance/dependency-container.git",
                "reference": "c840eb12fea1ee7abc808a30ab2decc7ac4658ef"
            },
            "dist": {
                "type": "zip",
                "url": "https://api.github.com/repos/contao-community-alliance/dependency-container/zipball/c840eb12fea1ee7abc808a30ab2decc7ac4658ef",
                "reference": "c840eb12fea1ee7abc808a30ab2decc7ac4658ef",
                "shasum": ""
            },
            "require": {
                "contao-community-alliance/backports-initialize-system": "~1.0",
                "contao-community-alliance/composer-installer": "*",
                "contao/core": ">=2.11,<3.3",
                "php": ">=5.3",
                "pimple/pimple": "~1"
            },
            "replace": {
                "bit3/contao-dependency-container": "self.version",
                "contao-legacy/dependency-container": "self.version"
            },
            "suggest": {
                "contao-community-alliance/dependency-container-inspector": "*"
            },
            "type": "contao-module",
            "extra": {
                "contao": {
                    "sources": {
                        "contao": "system/modules/dependency-container"
                    }
                },
                "branch-alias": {
                    "dev-master": "1.4.x-dev",
                    "dev-develop": "1.5.x-dev"
                }
            },
            "autoload": {
                "psr-0": {
                    "DependencyInjection\\Container": "src/"
                }
            },
            "notification-url": "https://packagist.org/downloads/",
            "license": [
                "LGPL-3.0+"
            ],
            "authors": [
                {
                    "name": "Tristan Lins",
                    "email": "tristan.lins@bit3.de",
                    "homepage": "http://bit3.de",
                    "role": "Developer"
                }
            ],
            "description": "Dependency container based on pimple for Contao open source cms.",
            "homepage": "http://c-c-a.org/",
            "keywords": [
                "container",
                "contao",
                "dependency",
                "di",
                "injection"
            ],
            "time": "2014-03-19 13:06:00"
        },
        {
            "name": "contao-community-alliance/event-dispatcher",
            "version": "dev-develop",
            "source": {
                "type": "git",
                "url": "https://github.com/contao-community-alliance/event-dispatcher.git",
                "reference": "055f59bfc0b2bc1d0f4961d99305751b8c4d09fd"
            },
            "dist": {
                "type": "zip",
                "url": "https://api.github.com/repos/contao-community-alliance/event-dispatcher/zipball/055f59bfc0b2bc1d0f4961d99305751b8c4d09fd",
                "reference": "055f59bfc0b2bc1d0f4961d99305751b8c4d09fd",
                "shasum": ""
            },
            "require": {
                "contao-community-alliance/composer-installer": "*",
                "contao-community-alliance/dependency-container": "~1.4",
                "contao/core": ">=2.11,<3.3",
                "php": ">=5.3",
                "symfony/event-dispatcher": "2.3.*"
            },
            "replace": {
                "bit3/contao-event-dispatcher": "self.version"
            },
            "type": "contao-module",
            "extra": {
                "contao": {
                    "sources": {
                        "contao": "system/modules/event-dispatcher"
                    }
                },
                "branch-alias": {
                    "dev-master": "1.0.x-dev",
                    "dev-develop": "1.1.x-dev"
                }
            },
            "autoload": {
                "psr-0": {
                    "ContaoCommunityAlliance\\Contao\\EventDispatcher": "src/"
                }
            },
            "notification-url": "https://packagist.org/downloads/",
            "license": [
                "LGPL-3.0+"
            ],
            "authors": [
                {
                    "name": "Tristan Lins",
                    "email": "tristan.lins@bit3.de",
                    "homepage": "http://bit3.de",
                    "role": "Developer"
                }
            ],
            "description": "Event dispatcher service for Contao Open Source CMS",
            "homepage": "http://c-c-a.org/",
            "keywords": [
                "contao",
                "event"
            ],
            "time": "2014-03-19 13:00:33"
        },
        {
            "name": "contao-community-alliance/events-contao-bindings",
            "version": "dev-contao-2.11",
            "source": {
                "type": "git",
                "url": "https://github.com/contao-community-alliance/events-contao-bindings.git",
                "reference": "be1b8a7b8ca8188cb6dd3ac0c6b3c25e414573d5"
            },
            "dist": {
                "type": "zip",
                "url": "https://api.github.com/repos/contao-community-alliance/events-contao-bindings/zipball/be1b8a7b8ca8188cb6dd3ac0c6b3c25e414573d5",
                "reference": "be1b8a7b8ca8188cb6dd3ac0c6b3c25e414573d5",
                "shasum": ""
            },
            "require": {
                "contao-community-alliance/composer-installer": "*",
                "contao-community-alliance/event-dispatcher": "~1.0",
                "contao/core": "~2.11",
                "php": ">=5.3"
            },
            "conflict": {
                "contao/core": "3.0.*"
            },
            "require-dev": {
                "metamodels/php-coding-standard": "dev-master",
                "phpunit/phpunit": ">=3.7.10,<4-dev"
            },
            "type": "contao-module",
            "extra": {
                "branch-alias": {
                    "dev-contao-2.11": "2.11.x-dev"
                },
                "contao": {
                    "sources": {
                        "contao": "system/modules/events-contao-bindings"
                    }
                }
            },
            "autoload": {
                "psr-0": {
                    "ContaoCommunityAlliance\\Contao\\Bindings": "src"
                }
            },
            "notification-url": "https://packagist.org/downloads/",
            "license": [
                "LGPL-3.0+"
            ],
            "authors": [
                {
                    "name": "Tristan Lins",
                    "email": "tristan.lins@bit3.de",
                    "homepage": "http://bit3.de/",
                    "role": "Developer"
                },
                {
                    "name": "Christian Schiffler",
                    "email": "c.schiffler@cyberspectrum.de",
                    "homepage": "http://www.cyberspectrum.de",
                    "role": "Developer"
                }
            ],
            "description": "Multipurpose translation manager and interface",
            "homepage": "http://c-c-a.org/",
            "keywords": [
                "contao",
                "translation"
            ],
            "time": "2014-03-28 11:38:37"
        },
        {
            "name": "contao-community-alliance/translator",
            "version": "dev-master",
            "source": {
                "type": "git",
                "url": "https://github.com/contao-community-alliance/translator.git",
                "reference": "0a789df9b402d3d00a1ce9a117c914de065a9ac1"
            },
            "dist": {
                "type": "zip",
                "url": "https://api.github.com/repos/contao-community-alliance/translator/zipball/0a789df9b402d3d00a1ce9a117c914de065a9ac1",
                "reference": "0a789df9b402d3d00a1ce9a117c914de065a9ac1",
                "shasum": ""
            },
            "require": {
                "contao-community-alliance/composer-installer": "*",
                "contao-community-alliance/event-dispatcher": "~1.0",
                "contao-community-alliance/events-contao-bindings": "*@dev",
                "php": ">=5.3"
            },
            "require-dev": {
                "metamodels/php-coding-standard": "dev-master",
                "phpunit/phpunit": ">=3.7.10,<4-dev"
            },
            "type": "contao-module",
            "extra": {
                "branch-alias": {
                    "dev-master": "1.0.x-dev"
                }
            },
            "autoload": {
                "psr-0": {
                    "ContaoCommunityAlliance\\Translator": "src"
                }
            },
            "notification-url": "https://packagist.org/downloads/",
            "license": [
                "LGPL-3.0+"
            ],
            "authors": [
                {
                    "name": "Tristan Lins",
                    "email": "tristan.lins@bit3.de",
                    "homepage": "http://bit3.de/",
                    "role": "Developer"
                },
                {
                    "name": "Christian Schiffler",
                    "email": "c.schiffler@cyberspectrum.de",
                    "homepage": "http://www.cyberspectrum.de",
                    "role": "Developer"
                }
            ],
            "description": "Multipurpose translation manager and interface",
            "homepage": "http://c-c-a.org/",
            "keywords": [
                "contao",
                "translation"
            ],
            "time": "2014-04-08 01:46:46"
        },
        {
            "name": "contao/core",
            "version": "2.11.17",
            "source": {
                "type": "git",
                "url": "https://github.com/contao-community-alliance/composerized-contao-core.git",
                "reference": "b533c0a0c624d1037cc66fe210660964a714bccb"
            },
            "dist": {
                "type": "zip",
                "url": "https://api.github.com/repos/contao-community-alliance/composerized-contao-core/zipball/b533c0a0c624d1037cc66fe210660964a714bccb",
                "reference": "b533c0a0c624d1037cc66fe210660964a714bccb",
                "shasum": ""
            },
            "require": {
                "contao-community-alliance/composer-plugin": "*",
                "php": ">=5.3.2"
            },
            "type": "library",
            "autoload": {
                "classmap": [
                    "system/modules",
                    "system/libraries"
                ]
            },
            "notification-url": "https://packagist.org/downloads/",
            "license": [
                "LGPL-3.0"
            ],
            "authors": [
                {
                    "name": "Leo Feyer",
                    "email": "github@contao.org",
                    "homepage": "https://contao.org",
                    "role": "Project leader"
                }
            ],
            "description": "Contao Open Source CMS",
            "homepage": "https://contao.org",
            "keywords": [
                "contao",
                "core"
            ],
            "time": "2014-04-08 01:10:38"
        },
        {
            "name": "pimple/pimple",
            "version": "1.1.x-dev",
            "source": {
                "type": "git",
                "url": "https://github.com/fabpot/Pimple.git",
                "reference": "2019c145fe393923f3441b23f29bbdfaa5c58c4d"
            },
            "dist": {
                "type": "zip",
                "url": "https://api.github.com/repos/fabpot/Pimple/zipball/2019c145fe393923f3441b23f29bbdfaa5c58c4d",
                "reference": "2019c145fe393923f3441b23f29bbdfaa5c58c4d",
                "shasum": ""
            },
            "require": {
                "php": ">=5.3.0"
            },
            "type": "library",
            "extra": {
                "branch-alias": {
                    "dev-master": "1.1.x-dev"
                }
            },
            "autoload": {
                "psr-0": {
                    "Pimple": "lib/"
                }
            },
            "notification-url": "https://packagist.org/downloads/",
            "license": [
                "MIT"
            ],
            "authors": [
                {
                    "name": "Fabien Potencier",
                    "email": "fabien@symfony.com",
                    "homepage": "http://fabien.potencier.org",
                    "role": "Lead Developer"
                }
            ],
            "description": "Pimple is a simple Dependency Injection Container for PHP 5.3",
            "homepage": "http://pimple.sensiolabs.org",
            "keywords": [
                "container",
                "dependency injection"
            ],
            "time": "2013-11-22 08:30:29"
        },
        {
            "name": "symfony/event-dispatcher",
            "version": "2.3.x-dev",
            "target-dir": "Symfony/Component/EventDispatcher",
            "source": {
                "type": "git",
                "url": "https://github.com/symfony/EventDispatcher.git",
                "reference": "15645237c6ff70e74a28e8836362d82492765055"
            },
            "dist": {
                "type": "zip",
                "url": "https://api.github.com/repos/symfony/EventDispatcher/zipball/15645237c6ff70e74a28e8836362d82492765055",
                "reference": "15645237c6ff70e74a28e8836362d82492765055",
                "shasum": ""
            },
            "require": {
                "php": ">=5.3.3"
            },
            "require-dev": {
                "symfony/dependency-injection": "~2.0"
            },
            "suggest": {
                "symfony/dependency-injection": "",
                "symfony/http-kernel": ""
            },
            "type": "library",
            "extra": {
                "branch-alias": {
                    "dev-master": "2.3-dev"
                }
            },
            "autoload": {
                "psr-0": {
                    "Symfony\\Component\\EventDispatcher\\": ""
                }
            },
            "notification-url": "https://packagist.org/downloads/",
            "license": [
                "MIT"
            ],
            "authors": [
                {
                    "name": "Fabien Potencier",
                    "email": "fabien@symfony.com",
                    "homepage": "http://fabien.potencier.org",
                    "role": "Lead Developer"
                },
                {
                    "name": "Symfony Community",
                    "homepage": "http://symfony.com/contributors"
                }
            ],
            "description": "Symfony EventDispatcher Component",
            "homepage": "http://symfony.com",
            "time": "2014-02-11 10:29:24"
        }
    ],
    "packages-dev": [
        {
            "name": "metamodels/php-coding-standard",
            "version": "dev-master",
            "source": {
                "type": "git",
                "url": "https://github.com/MetaModels/php-coding-standard.git",
                "reference": "d79ef7cc19d6af48cafd85b8c9c7cab92e9aa599"
            },
            "dist": {
                "type": "zip",
                "url": "https://api.github.com/repos/MetaModels/php-coding-standard/zipball/d79ef7cc19d6af48cafd85b8c9c7cab92e9aa599",
                "reference": "d79ef7cc19d6af48cafd85b8c9c7cab92e9aa599",
                "shasum": ""
            },
            "require": {
                "php": ">=5.3.0",
                "squizlabs/php_codesniffer": "*"
            },
            "type": "library",
            "extra": {
                "branch-alias": {
                    "dev-master": "1.0.x-dev"
                }
            },
            "autoload": {
                "classmap": [
                    "MetaModels"
                ]
            },
            "notification-url": "https://packagist.org/downloads/",
            "license": [
                "GPL-2.0"
            ],
            "authors": [
                {
                    "name": "Christian Schiffler",
                    "email": "c.schiffler@cyberspectrum.de",
                    "homepage": "http://cyberspectrum.de",
                    "role": "lead"
                },
                {
                    "name": "Stefan Heimes",
                    "email": "heimes@men-at-work.de",
                    "homepage": "http://www.men-at-work.de",
                    "role": "Developer"
                }
            ],
            "description": "This package contains all needed custom PHP_CodeSniffer sniffs for MetaModel codebase and extensions along with the ruleset.xml file for checking the MetaModels codebase.",
            "homepage": "http://now.metamodel.me/",
            "keywords": [
                "codesniffer",
                "contao",
                "guidelines",
                "metamodels",
                "standard"
            ],
            "time": "2013-12-23 17:11:04"
        },
        {
            "name": "pdepend/pdepend",
            "version": "1.1.3",
            "source": {
                "type": "git",
                "url": "https://github.com/pdepend/pdepend.git",
                "reference": "1537f19d62d7b30c13ac173270106df7c6b9c459"
            },
            "dist": {
                "type": "zip",
                "url": "https://api.github.com/repos/pdepend/pdepend/zipball/1537f19d62d7b30c13ac173270106df7c6b9c459",
                "reference": "1537f19d62d7b30c13ac173270106df7c6b9c459",
                "shasum": ""
            },
            "require": {
                "php": ">=5.2.3"
            },
            "bin": [
                "src/bin/pdepend"
            ],
            "type": "library",
            "autoload": {
                "psr-0": {
                    "PHP_": "src/main/php/"
                }
            },
            "notification-url": "https://packagist.org/downloads/",
            "license": [
                "BSD-3-Clause"
            ],
            "description": "Official version of pdepend to be handled with Composer",
            "time": "2013-12-04 17:46:00"
        },
        {
            "name": "phpmd/phpmd",
            "version": "1.5.0",
            "source": {
                "type": "git",
                "url": "https://github.com/phpmd/phpmd.git",
                "reference": "692b7b1b64518091b2b1bea91b489dbb13598c07"
            },
            "dist": {
                "type": "zip",
                "url": "https://api.github.com/repos/phpmd/phpmd/zipball/692b7b1b64518091b2b1bea91b489dbb13598c07",
                "reference": "692b7b1b64518091b2b1bea91b489dbb13598c07",
                "shasum": ""
            },
            "require": {
                "pdepend/pdepend": ">=1.1.1",
                "php": ">=5.3.0"
            },
            "bin": [
                "src/bin/phpmd"
            ],
            "type": "library",
            "notification-url": "https://packagist.org/downloads/",
            "include-path": [
                "../../pdepend/pdepend/src/main/php",
                "src/main/php"
            ],
            "description": "Official version of PHPMD handled with Composer.",
            "time": "2013-07-26 14:47:02"
        },
        {
            "name": "phpunit/php-code-coverage",
            "version": "1.2.x-dev",
            "source": {
                "type": "git",
                "url": "https://github.com/sebastianbergmann/php-code-coverage.git",
                "reference": "6ef2bf3a1c47eca07ea95f0d8a902a6340390b34"
            },
            "dist": {
                "type": "zip",
                "url": "https://api.github.com/repos/sebastianbergmann/php-code-coverage/zipball/6ef2bf3a1c47eca07ea95f0d8a902a6340390b34",
                "reference": "6ef2bf3a1c47eca07ea95f0d8a902a6340390b34",
                "shasum": ""
            },
            "require": {
                "php": ">=5.3.3",
                "phpunit/php-file-iterator": ">=1.3.0@stable",
                "phpunit/php-text-template": ">=1.2.0@stable",
                "phpunit/php-token-stream": ">=1.1.3@stable"
            },
            "require-dev": {
                "phpunit/phpunit": "3.7.*@dev"
            },
            "suggest": {
                "ext-dom": "*",
                "ext-xdebug": ">=2.0.5"
            },
            "type": "library",
            "extra": {
                "branch-alias": {
                    "dev-master": "1.2.x-dev"
                }
            },
            "autoload": {
                "classmap": [
                    "PHP/"
                ]
            },
            "notification-url": "https://packagist.org/downloads/",
            "include-path": [
                ""
            ],
            "license": [
                "BSD-3-Clause"
            ],
            "authors": [
                {
                    "name": "Sebastian Bergmann",
                    "email": "sb@sebastian-bergmann.de",
                    "role": "lead"
                }
            ],
            "description": "Library that provides collection, processing, and rendering functionality for PHP code coverage information.",
            "homepage": "https://github.com/sebastianbergmann/php-code-coverage",
            "keywords": [
                "coverage",
                "testing",
                "xunit"
            ],
            "time": "2014-03-28 10:53:45"
        },
        {
            "name": "phpunit/php-file-iterator",
            "version": "1.3.4",
            "source": {
                "type": "git",
                "url": "https://github.com/sebastianbergmann/php-file-iterator.git",
                "reference": "acd690379117b042d1c8af1fafd61bde001bf6bb"
            },
            "dist": {
                "type": "zip",
                "url": "https://api.github.com/repos/sebastianbergmann/php-file-iterator/zipball/acd690379117b042d1c8af1fafd61bde001bf6bb",
                "reference": "acd690379117b042d1c8af1fafd61bde001bf6bb",
                "shasum": ""
            },
            "require": {
                "php": ">=5.3.3"
            },
            "type": "library",
            "autoload": {
                "classmap": [
                    "File/"
                ]
            },
            "notification-url": "https://packagist.org/downloads/",
            "include-path": [
                ""
            ],
            "license": [
                "BSD-3-Clause"
            ],
            "authors": [
                {
                    "name": "Sebastian Bergmann",
                    "email": "sb@sebastian-bergmann.de",
                    "role": "lead"
                }
            ],
            "description": "FilterIterator implementation that filters files based on a list of suffixes.",
            "homepage": "https://github.com/sebastianbergmann/php-file-iterator/",
            "keywords": [
                "filesystem",
                "iterator"
            ],
            "time": "2013-10-10 15:34:57"
        },
        {
            "name": "phpunit/php-text-template",
            "version": "1.2.0",
            "source": {
                "type": "git",
                "url": "https://github.com/sebastianbergmann/php-text-template.git",
                "reference": "206dfefc0ffe9cebf65c413e3d0e809c82fbf00a"
            },
            "dist": {
                "type": "zip",
                "url": "https://api.github.com/repos/sebastianbergmann/php-text-template/zipball/206dfefc0ffe9cebf65c413e3d0e809c82fbf00a",
                "reference": "206dfefc0ffe9cebf65c413e3d0e809c82fbf00a",
                "shasum": ""
            },
            "require": {
                "php": ">=5.3.3"
            },
            "type": "library",
            "autoload": {
                "classmap": [
                    "Text/"
                ]
            },
            "notification-url": "https://packagist.org/downloads/",
            "include-path": [
                ""
            ],
            "license": [
                "BSD-3-Clause"
            ],
            "authors": [
                {
                    "name": "Sebastian Bergmann",
                    "email": "sb@sebastian-bergmann.de",
                    "role": "lead"
                }
            ],
            "description": "Simple template engine.",
            "homepage": "https://github.com/sebastianbergmann/php-text-template/",
            "keywords": [
                "template"
            ],
            "time": "2014-01-30 17:20:04"
        },
        {
            "name": "phpunit/php-timer",
            "version": "1.0.5",
            "source": {
                "type": "git",
                "url": "https://github.com/sebastianbergmann/php-timer.git",
                "reference": "19689d4354b295ee3d8c54b4f42c3efb69cbc17c"
            },
            "dist": {
                "type": "zip",
                "url": "https://api.github.com/repos/sebastianbergmann/php-timer/zipball/19689d4354b295ee3d8c54b4f42c3efb69cbc17c",
                "reference": "19689d4354b295ee3d8c54b4f42c3efb69cbc17c",
                "shasum": ""
            },
            "require": {
                "php": ">=5.3.3"
            },
            "type": "library",
            "autoload": {
                "classmap": [
                    "PHP/"
                ]
            },
            "notification-url": "https://packagist.org/downloads/",
            "include-path": [
                ""
            ],
            "license": [
                "BSD-3-Clause"
            ],
            "authors": [
                {
                    "name": "Sebastian Bergmann",
                    "email": "sb@sebastian-bergmann.de",
                    "role": "lead"
                }
            ],
            "description": "Utility class for timing",
            "homepage": "https://github.com/sebastianbergmann/php-timer/",
            "keywords": [
                "timer"
            ],
            "time": "2013-08-02 07:42:54"
        },
        {
            "name": "phpunit/php-token-stream",
            "version": "dev-master",
            "source": {
                "type": "git",
                "url": "https://github.com/sebastianbergmann/php-token-stream.git",
                "reference": "ad4e1e23ae01b483c16f600ff1bebec184588e32"
            },
            "dist": {
                "type": "zip",
                "url": "https://api.github.com/repos/sebastianbergmann/php-token-stream/zipball/ad4e1e23ae01b483c16f600ff1bebec184588e32",
                "reference": "ad4e1e23ae01b483c16f600ff1bebec184588e32",
                "shasum": ""
            },
            "require": {
                "ext-tokenizer": "*",
                "php": ">=5.3.3"
            },
            "type": "library",
            "extra": {
                "branch-alias": {
                    "dev-master": "1.2-dev"
                }
            },
            "autoload": {
                "classmap": [
                    "PHP/"
                ]
            },
            "notification-url": "https://packagist.org/downloads/",
            "include-path": [
                ""
            ],
            "license": [
                "BSD-3-Clause"
            ],
            "authors": [
                {
                    "name": "Sebastian Bergmann",
                    "email": "sb@sebastian-bergmann.de",
                    "role": "lead"
                }
            ],
            "description": "Wrapper around PHP's tokenizer extension.",
            "homepage": "https://github.com/sebastianbergmann/php-token-stream/",
            "keywords": [
                "tokenizer"
            ],
            "time": "2014-03-03 05:10:30"
        },
        {
            "name": "phpunit/phpunit",
            "version": "3.7.x-dev",
            "source": {
                "type": "git",
                "url": "https://github.com/sebastianbergmann/phpunit.git",
                "reference": "248d6ce95e6ca7f0e3135252c0b984bbe1f52f19"
            },
            "dist": {
                "type": "zip",
                "url": "https://api.github.com/repos/sebastianbergmann/phpunit/zipball/248d6ce95e6ca7f0e3135252c0b984bbe1f52f19",
                "reference": "248d6ce95e6ca7f0e3135252c0b984bbe1f52f19",
                "shasum": ""
            },
            "require": {
                "ext-dom": "*",
                "ext-pcre": "*",
                "ext-reflection": "*",
                "ext-spl": "*",
                "php": ">=5.3.3",
                "phpunit/php-code-coverage": "~1.2",
                "phpunit/php-file-iterator": "~1.3",
                "phpunit/php-text-template": "~1.1",
                "phpunit/php-timer": "~1.0",
                "phpunit/phpunit-mock-objects": "~1.2",
                "symfony/yaml": "~2.0"
            },
            "require-dev": {
                "pear-pear.php.net/pear": "1.9.4"
            },
            "suggest": {
                "ext-json": "*",
                "ext-simplexml": "*",
                "ext-tokenizer": "*",
                "phpunit/php-invoker": "~1.1"
            },
            "bin": [
                "composer/bin/phpunit"
            ],
            "type": "library",
            "extra": {
                "branch-alias": {
                    "dev-master": "3.7.x-dev"
                }
            },
            "autoload": {
                "classmap": [
                    "PHPUnit/"
                ]
            },
            "notification-url": "https://packagist.org/downloads/",
            "include-path": [
                "",
                "../../symfony/yaml/"
            ],
            "license": [
                "BSD-3-Clause"
            ],
            "authors": [
                {
                    "name": "Sebastian Bergmann",
                    "email": "sebastian@phpunit.de",
                    "role": "lead"
                }
            ],
            "description": "The PHP Unit Testing framework.",
            "homepage": "http://www.phpunit.de/",
            "keywords": [
                "phpunit",
                "testing",
                "xunit"
            ],
            "time": "2014-03-28 11:04:36"
        },
        {
            "name": "phpunit/phpunit-mock-objects",
            "version": "1.2.x-dev",
            "source": {
                "type": "git",
                "url": "https://github.com/sebastianbergmann/phpunit-mock-objects.git",
                "reference": "c39c4511c3b007539eb170c32cbc2af49a07351a"
            },
            "dist": {
                "type": "zip",
                "url": "https://api.github.com/repos/sebastianbergmann/phpunit-mock-objects/zipball/c39c4511c3b007539eb170c32cbc2af49a07351a",
                "reference": "c39c4511c3b007539eb170c32cbc2af49a07351a",
                "shasum": ""
            },
            "require": {
                "php": ">=5.3.3",
                "phpunit/php-text-template": ">=1.1.1@stable"
            },
            "require-dev": {
                "phpunit/phpunit": "3.7.*@dev"
            },
            "suggest": {
                "ext-soap": "*"
            },
            "type": "library",
            "extra": {
                "branch-alias": {
                    "dev-master": "1.2.x-dev"
                }
            },
            "autoload": {
                "classmap": [
                    "PHPUnit/"
                ]
            },
            "notification-url": "https://packagist.org/downloads/",
            "include-path": [
                ""
            ],
            "license": [
                "BSD-3-Clause"
            ],
            "authors": [
                {
                    "name": "Sebastian Bergmann",
                    "email": "sb@sebastian-bergmann.de",
                    "role": "lead"
                }
            ],
            "description": "Mock Object library for PHPUnit",
            "homepage": "https://github.com/sebastianbergmann/phpunit-mock-objects/",
            "keywords": [
                "mock",
                "xunit"
            ],
            "time": "2014-02-16 12:43:56"
        },
        {
            "name": "squizlabs/php_codesniffer",
            "version": "dev-master",
            "source": {
                "type": "git",
                "url": "https://github.com/squizlabs/PHP_CodeSniffer.git",
                "reference": "339b91cd73c9930c792d54092dc6e1cd376b7a8d"
            },
            "dist": {
                "type": "zip",
                "url": "https://api.github.com/repos/squizlabs/PHP_CodeSniffer/zipball/339b91cd73c9930c792d54092dc6e1cd376b7a8d",
                "reference": "339b91cd73c9930c792d54092dc6e1cd376b7a8d",
                "shasum": ""
            },
            "require": {
                "ext-tokenizer": "*",
                "php": ">=5.1.2"
            },
            "suggest": {
                "phpunit/php-timer": "dev-master"
            },
            "bin": [
                "scripts/phpcs"
            ],
            "type": "library",
            "extra": {
                "branch-alias": {
                    "dev-phpcs-fixer": "2.0.x-dev"
                }
            },
            "autoload": {
                "classmap": [
                    "CodeSniffer.php",
                    "CodeSniffer/CLI.php",
                    "CodeSniffer/Exception.php",
                    "CodeSniffer/File.php",
                    "CodeSniffer/Report.php",
                    "CodeSniffer/Reporting.php",
                    "CodeSniffer/Sniff.php",
                    "CodeSniffer/Tokens.php",
                    "CodeSniffer/Reports/",
                    "CodeSniffer/CommentParser/",
                    "CodeSniffer/Tokenizers/",
                    "CodeSniffer/DocGenerators/",
                    "CodeSniffer/Standards/AbstractPatternSniff.php",
                    "CodeSniffer/Standards/AbstractScopeSniff.php",
                    "CodeSniffer/Standards/AbstractVariableSniff.php",
                    "CodeSniffer/Standards/IncorrectPatternException.php",
                    "CodeSniffer/Standards/Generic/Sniffs/",
                    "CodeSniffer/Standards/MySource/Sniffs/",
                    "CodeSniffer/Standards/PEAR/Sniffs/",
                    "CodeSniffer/Standards/PSR1/Sniffs/",
                    "CodeSniffer/Standards/PSR2/Sniffs/",
                    "CodeSniffer/Standards/Squiz/Sniffs/",
                    "CodeSniffer/Standards/Zend/Sniffs/"
                ]
            },
            "notification-url": "https://packagist.org/downloads/",
            "license": [
                "BSD-3-Clause"
            ],
            "authors": [
                {
                    "name": "Greg Sherwood",
                    "role": "lead"
                }
            ],
            "description": "PHP_CodeSniffer tokenises PHP, JavaScript and CSS files and detects violations of a defined set of coding standards.",
            "homepage": "http://www.squizlabs.com/php-codesniffer",
            "keywords": [
                "phpcs",
                "standards"
            ],
            "time": "2014-04-02 00:29:17"
        },
        {
            "name": "symfony/yaml",
            "version": "dev-master",
            "target-dir": "Symfony/Component/Yaml",
            "source": {
                "type": "git",
                "url": "https://github.com/symfony/Yaml.git",
                "reference": "cee3067d680232674c6505d91db9d3d635a9a8f4"
            },
            "dist": {
                "type": "zip",
                "url": "https://api.github.com/repos/symfony/Yaml/zipball/cee3067d680232674c6505d91db9d3d635a9a8f4",
                "reference": "cee3067d680232674c6505d91db9d3d635a9a8f4",
                "shasum": ""
            },
            "require": {
                "php": ">=5.3.3"
            },
            "type": "library",
            "extra": {
                "branch-alias": {
                    "dev-master": "2.5-dev"
                }
            },
            "autoload": {
                "psr-0": {
                    "Symfony\\Component\\Yaml\\": ""
                }
            },
            "notification-url": "https://packagist.org/downloads/",
            "license": [
                "MIT"
            ],
            "authors": [
                {
                    "name": "Fabien Potencier",
                    "email": "fabien@symfony.com",
                    "homepage": "http://fabien.potencier.org",
                    "role": "Lead Developer"
                },
                {
                    "name": "Symfony Community",
                    "homepage": "http://symfony.com/contributors"
                }
            ],
            "description": "Symfony Yaml Component",
            "homepage": "http://symfony.com",
            "time": "2014-03-26 11:51:10"
        }
    ],
    "aliases": [

    ],
    "minimum-stability": "dev",
    "stability-flags": {
        "contao-community-alliance/event-dispatcher": 20,
        "contao-community-alliance/translator": 20
    },
    "platform": {
        "php": ">=5.3"
    },
    "platform-dev": [

    ]
}
