{
    "_readme": [
        "This file locks the dependencies of your project to a known state",
        "Read more about it at http://getcomposer.org/doc/01-basic-usage.md#composer-lock-the-lock-file",
        "This file is @generated automatically"
    ],
    "hash": "d16a4add8e710e1fd5bdefb95d7dad20",
    "packages": [
        {
            "name": "contao-community-alliance/backports-initialize-system",
            "version": "dev-develop",
            "source": {
                "type": "git",
                "url": "https://github.com/contao-community-alliance/backports-initialize-system.git",
                "reference": "0d0515b56075260dfcb3f17d53db16c0bab4948e"
            },
            "dist": {
                "type": "zip",
                "url": "https://api.github.com/repos/contao-community-alliance/backports-initialize-system/zipball/0d0515b56075260dfcb3f17d53db16c0bab4948e",
                "reference": "0d0515b56075260dfcb3f17d53db16c0bab4948e",
                "shasum": ""
            },
            "require": {
                "contao-community-alliance/composer-plugin": "~2.0",
                "contao/core": ">=2.11-dev,<4-dev",
                "php": ">=5.3"
            },
            "type": "contao-module",
            "extra": {
                "contao": {
                    "sources": {
                        "module": "system/modules/backports-initialize-system"
                    }
                },
                "branch-alias": {
                    "dev-master": "1.0.x-dev",
                    "dev-develop": "1.1.x-dev"
                }
            },
            "autoload": {
                "psr-0": {
                    "ContaoCommunityAlliance\\Contao\\Backports": "src/"
                }
            },
            "notification-url": "https://packagist.org/downloads/",
            "license": [
                "LGPL-3.0+"
            ],
            "authors": [
                {
                    "name": "Tristan Lins",
                    "email": "tristan.lins@bit3.de",
                    "homepage": "http://bit3.de",
                    "role": "Developer"
                }
            ],
            "description": "Backport of the initializeSystem Hook for Contao Open Source CMS.",
            "homepage": "http://c-c-a.org/",
            "keywords": [
                "backports",
                "contao"
            ],
            "time": "2014-06-05 11:58:46"
        },
        {
            "name": "contao-community-alliance/composer-plugin",
            "version": "dev-develop",
            "source": {
                "type": "git",
                "url": "https://github.com/contao-community-alliance/composer-plugin.git",
                "reference": "fcac6d0fe0512d9a5dbc78d0e00dd349091b57ae"
            },
            "dist": {
                "type": "zip",
                "url": "https://api.github.com/repos/contao-community-alliance/composer-plugin/zipball/fcac6d0fe0512d9a5dbc78d0e00dd349091b57ae",
                "reference": "fcac6d0fe0512d9a5dbc78d0e00dd349091b57ae",
                "shasum": ""
            },
            "require": {
                "composer-plugin-api": "1.0.0"
            },
            "conflict": {
                "contao-community-alliance/composer": "<0.9-dev",
                "contao/core": "3.0.*"
            },
            "replace": {
                "contao-community-alliance/composer-installer": "1.7.1"
            },
            "require-dev": {
                "bit3/php-coding-standard": "*",
                "composer/composer": "dev-master",
                "pdepend/pdepend": "1.1.*",
                "phpunit/phpunit": ">=3.7.10,<4-dev"
            },
            "type": "composer-plugin",
            "extra": {
                "class": "ContaoCommunityAlliance\\Composer\\Plugin\\Plugin",
                "branch-alias": {
                    "dev-master": "2.1.x-dev",
                    "dev-develop": "2.2.x-dev"
                }
            },
            "autoload": {
                "psr-0": {
                    "ContaoCommunityAlliance\\Composer\\Plugin": "src/"
                }
            },
            "notification-url": "https://packagist.org/downloads/",
            "license": [
                "LGPL-3.0+"
            ],
            "description": "Composer plugin that provide contao integration and installer.",
            "homepage": "http://c-c-a.org/",
            "time": "2014-06-05 08:38:44"
        },
        {
            "name": "contao-community-alliance/dependency-container",
            "version": "dev-develop",
            "source": {
                "type": "git",
                "url": "https://github.com/contao-community-alliance/dependency-container.git",
                "reference": "7fa301f4f2d67f8d508b6e3a02645c0daa9d1994"
            },
            "dist": {
                "type": "zip",
                "url": "https://api.github.com/repos/contao-community-alliance/dependency-container/zipball/7fa301f4f2d67f8d508b6e3a02645c0daa9d1994",
                "reference": "7fa301f4f2d67f8d508b6e3a02645c0daa9d1994",
                "shasum": ""
            },
            "require": {
                "contao-community-alliance/backports-initialize-system": "~1.0",
                "contao-community-alliance/composer-plugin": "~2.0",
                "contao/core": ">=2.11,<3.4",
                "php": ">=5.3",
                "pimple/pimple": "~1.0"
            },
            "replace": {
                "bit3/contao-dependency-container": "self.version",
                "contao-legacy/dependency-container": "self.version"
            },
            "suggest": {
                "contao-community-alliance/dependency-container-inspector": "*"
            },
            "type": "contao-module",
            "extra": {
                "contao": {
                    "sources": {
                        "contao": "system/modules/dependency-container"
                    }
                },
                "branch-alias": {
                    "dev-master": "1.5.x-dev",
                    "dev-develop": "1.6.x-dev"
                }
            },
            "autoload": {
                "psr-0": {
                    "DependencyInjection\\Container": "src/"
                }
            },
            "notification-url": "https://packagist.org/downloads/",
            "license": [
                "LGPL-3.0+"
            ],
            "authors": [
                {
                    "name": "Tristan Lins",
                    "email": "tristan.lins@bit3.de",
                    "homepage": "http://bit3.de",
                    "role": "Developer"
                }
            ],
            "description": "Dependency container based on pimple for Contao open source cms.",
            "homepage": "http://c-c-a.org/",
            "keywords": [
                "container",
                "contao",
                "dependency",
                "di",
                "injection"
            ],
            "time": "2014-06-05 08:30:58"
        },
        {
            "name": "contao-community-alliance/event-dispatcher",
            "version": "dev-develop",
            "source": {
                "type": "git",
                "url": "https://github.com/contao-community-alliance/event-dispatcher.git",
                "reference": "61fabc1a71a1f802fdc93811c63f0400d2f4112b"
            },
            "dist": {
                "type": "zip",
                "url": "https://api.github.com/repos/contao-community-alliance/event-dispatcher/zipball/61fabc1a71a1f802fdc93811c63f0400d2f4112b",
                "reference": "61fabc1a71a1f802fdc93811c63f0400d2f4112b",
                "shasum": ""
            },
            "require": {
                "contao-community-alliance/composer-plugin": "~2.0",
                "contao-community-alliance/dependency-container": "~1.4",
                "contao/core": ">=2.11,<3.4",
                "php": ">=5.3",
                "symfony/event-dispatcher": "~2.3"
            },
            "replace": {
                "bit3/contao-event-dispatcher": "self.version"
            },
            "type": "contao-module",
            "extra": {
                "contao": {
                    "sources": {
                        "contao": "system/modules/event-dispatcher"
                    }
                },
                "branch-alias": {
                    "dev-master": "1.2.x-dev",
                    "dev-develop": "1.3.x-dev"
                }
            },
            "autoload": {
                "psr-0": {
                    "ContaoCommunityAlliance\\Contao\\EventDispatcher": "src/"
                }
            },
            "notification-url": "https://packagist.org/downloads/",
            "license": [
                "LGPL-3.0+"
            ],
            "authors": [
                {
                    "name": "Tristan Lins",
                    "email": "tristan.lins@bit3.de",
                    "homepage": "http://bit3.de",
                    "role": "Developer"
                }
            ],
            "description": "Event dispatcher service for Contao Open Source CMS",
            "homepage": "http://c-c-a.org/",
            "keywords": [
                "contao",
                "event"
            ],
            "time": "2014-06-05 08:36:18"
        },
        {
            "name": "contao-community-alliance/events-contao-bindings",
            "version": "dev-master",
            "source": {
                "type": "git",
                "url": "https://github.com/contao-community-alliance/events-contao-bindings.git",
                "reference": "79da979be1ec0521fb41ea62c0a4400e5eba2dff"
            },
            "dist": {
                "type": "zip",
                "url": "https://api.github.com/repos/contao-community-alliance/events-contao-bindings/zipball/79da979be1ec0521fb41ea62c0a4400e5eba2dff",
                "reference": "79da979be1ec0521fb41ea62c0a4400e5eba2dff",
                "shasum": ""
            },
            "require": {
                "contao-community-alliance/composer-plugin": "~2.0",
                "contao-community-alliance/event-dispatcher": "~1.0",
                "contao/core": "~3.2",
                "php": ">=5.3"
            },
            "conflict": {
                "contao/core": "3.0.*"
            },
            "require-dev": {
                "metamodels/php-coding-standard": "dev-master",
                "phpunit/phpunit": ">=3.7.10,<4-dev"
            },
            "type": "contao-module",
            "extra": {
                "branch-alias": {
                    "dev-master": "3.2.x-dev"
                },
                "contao": {
                    "sources": {
                        "contao": "system/modules/events-contao-bindings"
                    }
                }
            },
            "autoload": {
                "psr-0": {
                    "ContaoCommunityAlliance\\Contao\\Bindings": "src"
                }
            },
            "notification-url": "https://packagist.org/downloads/",
            "license": [
                "LGPL-3.0+"
            ],
            "authors": [
                {
                    "name": "Tristan Lins",
                    "email": "tristan.lins@bit3.de",
                    "homepage": "http://bit3.de",
                    "role": "Developer"
                },
                {
                    "name": "Christian Schiffler",
                    "email": "c.schiffler@cyberspectrum.de",
                    "homepage": "http://www.cyberspectrum.de",
                    "role": "Developer"
                }
            ],
            "description": "Multipurpose translation manager and interface",
            "homepage": "http://c-c-a.org/",
            "keywords": [
                "contao",
                "translation"
            ],
            "time": "2014-06-05 08:43:20"
        },
        {
            "name": "contao-community-alliance/translator",
            "version": "dev-develop",
            "source": {
                "type": "git",
                "url": "https://github.com/contao-community-alliance/translator.git",
                "reference": "02feca702bc20cfd45f9e239fa8a1349d56c1a1f"
            },
            "dist": {
                "type": "zip",
                "url": "https://api.github.com/repos/contao-community-alliance/translator/zipball/02feca702bc20cfd45f9e239fa8a1349d56c1a1f",
                "reference": "02feca702bc20cfd45f9e239fa8a1349d56c1a1f",
                "shasum": ""
            },
            "require": {
                "contao-community-alliance/event-dispatcher": "~1.0",
                "contao-community-alliance/events-contao-bindings": ">=2.0,<4-dev",
                "php": ">=5.3"
            },
            "require-dev": {
                "metamodels/php-coding-standard": "dev-master",
                "phpunit/phpunit": ">=3.7.10,<4-dev"
            },
            "type": "library",
            "extra": {
                "branch-alias": {
                    "dev-master": "1.0.x-dev",
                    "dev-develop": "1.1.x-dev"
                }
            },
            "autoload": {
                "psr-0": {
                    "ContaoCommunityAlliance\\Translator": "src"
                }
            },
            "notification-url": "https://packagist.org/downloads/",
            "license": [
                "LGPL-3.0+"
            ],
            "authors": [
                {
                    "name": "Tristan Lins",
                    "email": "tristan.lins@bit3.de",
                    "homepage": "http://bit3.de/",
                    "role": "Developer"
                },
                {
                    "name": "Christian Schiffler",
                    "email": "c.schiffler@cyberspectrum.de",
                    "homepage": "http://www.cyberspectrum.de",
                    "role": "Developer"
                }
            ],
            "description": "Multipurpose translation manager and interface",
            "homepage": "http://c-c-a.org/",
            "keywords": [
                "contao",
                "translation"
            ],
            "time": "2014-06-05 08:57:37"
        },
        {
            "name": "contao/core",
            "version": "3.2.10",
            "source": {
                "type": "git",
                "url": "https://github.com/contao-community-alliance/composerized-contao-core.git",
                "reference": "f8df1f3a3d3878db6feb6ed716c4710385cbaeb1"
            },
            "dist": {
                "type": "zip",
                "url": "https://api.github.com/repos/contao-community-alliance/composerized-contao-core/zipball/f8df1f3a3d3878db6feb6ed716c4710385cbaeb1",
                "reference": "f8df1f3a3d3878db6feb6ed716c4710385cbaeb1",
                "shasum": ""
            },
            "require": {
                "contao-community-alliance/composer-plugin": "*",
                "php": ">=5.3.2"
            },
            "type": "library",
            "autoload": {
                "classmap": [
                    "system/modules"
                ]
            },
            "notification-url": "https://packagist.org/downloads/",
            "license": [
                "LGPL-3.0"
            ],
            "authors": [
                {
                    "name": "Leo Feyer",
                    "email": "github@contao.org",
                    "homepage": "https://contao.org",
                    "role": "Project leader"
                }
            ],
            "description": "Contao Open Source CMS",
            "homepage": "https://contao.org",
            "keywords": [
                "contao",
                "core"
            ],
            "time": "2014-05-21 12:00:38"
        },
        {
            "name": "pimple/pimple",
            "version": "1.1.x-dev",
            "source": {
                "type": "git",
                "url": "https://github.com/fabpot/Pimple.git",
                "reference": "bc2fc12cdf1f29bcad9e650d493a54a8fd1f3d85"
            },
            "dist": {
                "type": "zip",
                "url": "https://api.github.com/repos/fabpot/Pimple/zipball/bc2fc12cdf1f29bcad9e650d493a54a8fd1f3d85",
                "reference": "bc2fc12cdf1f29bcad9e650d493a54a8fd1f3d85",
                "shasum": ""
            },
            "require": {
                "php": ">=5.3.0"
            },
            "type": "library",
            "extra": {
                "branch-alias": {
                    "dev-master": "1.1.x-dev"
                }
            },
            "autoload": {
                "psr-0": {
                    "Pimple": "lib/"
                }
            },
            "notification-url": "https://packagist.org/downloads/",
            "license": [
                "MIT"
            ],
            "authors": [
                {
                    "name": "Fabien Potencier",
                    "email": "fabien@symfony.com",
                    "homepage": "http://fabien.potencier.org",
                    "role": "Lead Developer"
                }
            ],
            "description": "Pimple is a simple Dependency Injection Container for PHP 5.3",
            "homepage": "http://pimple.sensiolabs.org",
            "keywords": [
                "container",
                "dependency injection"
            ],
            "time": "2014-04-20 07:24:09"
        },
        {
            "name": "symfony/event-dispatcher",
            "version": "dev-master",
            "target-dir": "Symfony/Component/EventDispatcher",
            "source": {
                "type": "git",
                "url": "https://github.com/symfony/EventDispatcher.git",
                "reference": "7a4f4b42886f8c2e35acb1071f157a0b8eb1bd39"
            },
            "dist": {
                "type": "zip",
                "url": "https://api.github.com/repos/symfony/EventDispatcher/zipball/7a4f4b42886f8c2e35acb1071f157a0b8eb1bd39",
                "reference": "7a4f4b42886f8c2e35acb1071f157a0b8eb1bd39",
                "shasum": ""
            },
            "require": {
                "php": ">=5.3.3"
            },
            "require-dev": {
                "psr/log": "~1.0",
                "symfony/config": "~2.0",
                "symfony/dependency-injection": "~2.0",
                "symfony/stopwatch": "~2.2"
            },
            "suggest": {
                "symfony/dependency-injection": "",
                "symfony/http-kernel": ""
            },
            "type": "library",
            "extra": {
                "branch-alias": {
                    "dev-master": "2.6-dev"
                }
            },
            "autoload": {
                "psr-0": {
                    "Symfony\\Component\\EventDispatcher\\": ""
                }
            },
            "notification-url": "https://packagist.org/downloads/",
            "license": [
                "MIT"
            ],
            "authors": [
                {
                    "name": "Fabien Potencier",
                    "email": "fabien@symfony.com",
                    "homepage": "http://fabien.potencier.org",
                    "role": "Lead Developer"
                },
                {
                    "name": "Symfony Community",
                    "homepage": "http://symfony.com/contributors"
                }
            ],
            "description": "Symfony EventDispatcher Component",
            "homepage": "http://symfony.com",
            "time": "2014-05-23 14:36:49"
        }
    ],
    "packages-dev": [
        {
            "name": "metamodels/php-coding-standard",
            "version": "dev-master",
            "source": {
                "type": "git",
                "url": "https://github.com/MetaModels/php-coding-standard.git",
                "reference": "d31fe99594c30db5497f93b59f9e649396e96488"
            },
            "dist": {
                "type": "zip",
                "url": "https://api.github.com/repos/MetaModels/php-coding-standard/zipball/d31fe99594c30db5497f93b59f9e649396e96488",
                "reference": "d31fe99594c30db5497f93b59f9e649396e96488",
                "shasum": ""
            },
            "require": {
                "php": ">=5.3.0",
                "squizlabs/php_codesniffer": "*"
            },
            "type": "library",
            "extra": {
                "branch-alias": {
                    "dev-master": "1.0.x-dev"
                }
            },
            "autoload": {
                "classmap": [
                    "MetaModels"
                ]
            },
            "notification-url": "https://packagist.org/downloads/",
            "license": [
                "GPL-2.0"
            ],
            "authors": [
                {
                    "name": "Christian Schiffler",
                    "email": "c.schiffler@cyberspectrum.de",
                    "homepage": "http://cyberspectrum.de",
                    "role": "lead"
                },
                {
                    "name": "Stefan Heimes",
                    "email": "heimes@men-at-work.de",
                    "homepage": "http://www.men-at-work.de",
                    "role": "Developer"
                }
            ],
            "description": "This package contains all needed custom PHP_CodeSniffer sniffs for MetaModel codebase and extensions along with the ruleset.xml file for checking the MetaModels codebase.",
            "homepage": "http://now.metamodel.me/",
            "keywords": [
                "codesniffer",
                "contao",
                "guidelines",
                "metamodels",
                "standard"
            ],
            "time": "2014-04-30 19:32:20"
        },
        {
            "name": "pdepend/pdepend",
            "version": "1.1.3",
            "source": {
                "type": "git",
                "url": "https://github.com/pdepend/pdepend.git",
                "reference": "1537f19d62d7b30c13ac173270106df7c6b9c459"
            },
            "dist": {
                "type": "zip",
                "url": "https://api.github.com/repos/pdepend/pdepend/zipball/1537f19d62d7b30c13ac173270106df7c6b9c459",
                "reference": "1537f19d62d7b30c13ac173270106df7c6b9c459",
                "shasum": ""
            },
            "require": {
                "php": ">=5.2.3"
            },
            "bin": [
                "src/bin/pdepend"
            ],
            "type": "library",
            "autoload": {
                "psr-0": {
                    "PHP_": "src/main/php/"
                }
            },
            "notification-url": "https://packagist.org/downloads/",
            "license": [
                "BSD-3-Clause"
            ],
            "description": "Official version of pdepend to be handled with Composer",
            "time": "2013-12-04 17:46:00"
        },
        {
            "name": "phpmd/phpmd",
            "version": "1.5.0",
            "source": {
                "type": "git",
                "url": "https://github.com/phpmd/phpmd.git",
                "reference": "692b7b1b64518091b2b1bea91b489dbb13598c07"
            },
            "dist": {
                "type": "zip",
                "url": "https://api.github.com/repos/phpmd/phpmd/zipball/692b7b1b64518091b2b1bea91b489dbb13598c07",
                "reference": "692b7b1b64518091b2b1bea91b489dbb13598c07",
                "shasum": ""
            },
            "require": {
                "pdepend/pdepend": ">=1.1.1",
                "php": ">=5.3.0"
            },
            "bin": [
                "src/bin/phpmd"
            ],
            "type": "library",
            "notification-url": "https://packagist.org/downloads/",
            "include-path": [
                "../../pdepend/pdepend/src/main/php",
                "src/main/php"
            ],
            "description": "Official version of PHPMD handled with Composer.",
            "time": "2013-07-26 14:47:02"
        },
        {
            "name": "phpunit/php-code-coverage",
            "version": "1.2.x-dev",
            "source": {
                "type": "git",
                "url": "https://github.com/sebastianbergmann/php-code-coverage.git",
                "reference": "61fed79803b6c75d461b909dfac05bbef5cd4f46"
            },
            "dist": {
                "type": "zip",
                "url": "https://api.github.com/repos/sebastianbergmann/php-code-coverage/zipball/61fed79803b6c75d461b909dfac05bbef5cd4f46",
                "reference": "61fed79803b6c75d461b909dfac05bbef5cd4f46",
                "shasum": ""
            },
            "require": {
                "php": ">=5.3.3",
                "phpunit/php-file-iterator": ">=1.3.0@stable",
                "phpunit/php-text-template": ">=1.2.0@stable",
                "phpunit/php-token-stream": ">=1.1.3@stable"
            },
            "require-dev": {
                "phpunit/phpunit": "3.7.*@dev"
            },
            "suggest": {
                "ext-dom": "*",
                "ext-xdebug": ">=2.0.5"
            },
            "type": "library",
            "extra": {
                "branch-alias": {
                    "dev-master": "1.2.x-dev"
                }
            },
            "autoload": {
                "classmap": [
                    "PHP/"
                ]
            },
            "notification-url": "https://packagist.org/downloads/",
            "include-path": [
                ""
            ],
            "license": [
                "BSD-3-Clause"
            ],
            "authors": [
                {
                    "name": "Sebastian Bergmann",
                    "email": "sb@sebastian-bergmann.de",
                    "role": "lead"
                }
            ],
            "description": "Library that provides collection, processing, and rendering functionality for PHP code coverage information.",
            "homepage": "https://github.com/sebastianbergmann/php-code-coverage",
            "keywords": [
                "coverage",
                "testing",
                "xunit"
            ],
            "time": "2014-05-19 01:58:57"
        },
        {
            "name": "phpunit/php-file-iterator",
            "version": "1.3.4",
            "source": {
                "type": "git",
                "url": "https://github.com/sebastianbergmann/php-file-iterator.git",
                "reference": "acd690379117b042d1c8af1fafd61bde001bf6bb"
            },
            "dist": {
                "type": "zip",
                "url": "https://api.github.com/repos/sebastianbergmann/php-file-iterator/zipball/acd690379117b042d1c8af1fafd61bde001bf6bb",
                "reference": "acd690379117b042d1c8af1fafd61bde001bf6bb",
                "shasum": ""
            },
            "require": {
                "php": ">=5.3.3"
            },
            "type": "library",
            "autoload": {
                "classmap": [
                    "File/"
                ]
            },
            "notification-url": "https://packagist.org/downloads/",
            "include-path": [
                ""
            ],
            "license": [
                "BSD-3-Clause"
            ],
            "authors": [
                {
                    "name": "Sebastian Bergmann",
                    "email": "sb@sebastian-bergmann.de",
                    "role": "lead"
                }
            ],
            "description": "FilterIterator implementation that filters files based on a list of suffixes.",
            "homepage": "https://github.com/sebastianbergmann/php-file-iterator/",
            "keywords": [
                "filesystem",
                "iterator"
            ],
            "time": "2013-10-10 15:34:57"
        },
        {
            "name": "phpunit/php-text-template",
            "version": "1.2.0",
            "source": {
                "type": "git",
                "url": "https://github.com/sebastianbergmann/php-text-template.git",
                "reference": "206dfefc0ffe9cebf65c413e3d0e809c82fbf00a"
            },
            "dist": {
                "type": "zip",
                "url": "https://api.github.com/repos/sebastianbergmann/php-text-template/zipball/206dfefc0ffe9cebf65c413e3d0e809c82fbf00a",
                "reference": "206dfefc0ffe9cebf65c413e3d0e809c82fbf00a",
                "shasum": ""
            },
            "require": {
                "php": ">=5.3.3"
            },
            "type": "library",
            "autoload": {
                "classmap": [
                    "Text/"
                ]
            },
            "notification-url": "https://packagist.org/downloads/",
            "include-path": [
                ""
            ],
            "license": [
                "BSD-3-Clause"
            ],
            "authors": [
                {
                    "name": "Sebastian Bergmann",
                    "email": "sb@sebastian-bergmann.de",
                    "role": "lead"
                }
            ],
            "description": "Simple template engine.",
            "homepage": "https://github.com/sebastianbergmann/php-text-template/",
            "keywords": [
                "template"
            ],
            "time": "2014-01-30 17:20:04"
        },
        {
            "name": "phpunit/php-timer",
            "version": "1.0.5",
            "source": {
                "type": "git",
                "url": "https://github.com/sebastianbergmann/php-timer.git",
                "reference": "19689d4354b295ee3d8c54b4f42c3efb69cbc17c"
            },
            "dist": {
                "type": "zip",
                "url": "https://api.github.com/repos/sebastianbergmann/php-timer/zipball/19689d4354b295ee3d8c54b4f42c3efb69cbc17c",
                "reference": "19689d4354b295ee3d8c54b4f42c3efb69cbc17c",
                "shasum": ""
            },
            "require": {
                "php": ">=5.3.3"
            },
            "type": "library",
            "autoload": {
                "classmap": [
                    "PHP/"
                ]
            },
            "notification-url": "https://packagist.org/downloads/",
            "include-path": [
                ""
            ],
            "license": [
                "BSD-3-Clause"
            ],
            "authors": [
                {
                    "name": "Sebastian Bergmann",
                    "email": "sb@sebastian-bergmann.de",
                    "role": "lead"
                }
            ],
            "description": "Utility class for timing",
            "homepage": "https://github.com/sebastianbergmann/php-timer/",
            "keywords": [
                "timer"
            ],
            "time": "2013-08-02 07:42:54"
        },
        {
            "name": "phpunit/php-token-stream",
            "version": "dev-master",
            "source": {
                "type": "git",
                "url": "https://github.com/sebastianbergmann/php-token-stream.git",
                "reference": "955c24b708f8bfd6a05f303217a8dac3a443d531"
            },
            "dist": {
                "type": "zip",
                "url": "https://api.github.com/repos/sebastianbergmann/php-token-stream/zipball/955c24b708f8bfd6a05f303217a8dac3a443d531",
                "reference": "955c24b708f8bfd6a05f303217a8dac3a443d531",
                "shasum": ""
            },
            "require": {
                "ext-tokenizer": "*",
                "php": ">=5.3.3"
            },
            "type": "library",
            "extra": {
                "branch-alias": {
                    "dev-master": "1.2-dev"
                }
            },
            "autoload": {
                "classmap": [
                    "PHP/"
                ]
            },
            "notification-url": "https://packagist.org/downloads/",
            "include-path": [
                ""
            ],
            "license": [
                "BSD-3-Clause"
            ],
            "authors": [
                {
                    "name": "Sebastian Bergmann",
                    "email": "sb@sebastian-bergmann.de",
                    "role": "lead"
                }
            ],
            "description": "Wrapper around PHP's tokenizer extension.",
            "homepage": "https://github.com/sebastianbergmann/php-token-stream/",
            "keywords": [
                "tokenizer"
            ],
            "time": "2014-05-12 05:34:42"
        },
        {
            "name": "phpunit/phpunit",
            "version": "3.7.x-dev",
            "source": {
                "type": "git",
                "url": "https://github.com/sebastianbergmann/phpunit.git",
                "reference": "ae6cefd7cc84586a5ef27e04bae11ee940ec63dc"
            },
            "dist": {
                "type": "zip",
                "url": "https://api.github.com/repos/sebastianbergmann/phpunit/zipball/ae6cefd7cc84586a5ef27e04bae11ee940ec63dc",
                "reference": "ae6cefd7cc84586a5ef27e04bae11ee940ec63dc",
                "shasum": ""
            },
            "require": {
                "ext-ctype": "*",
                "ext-dom": "*",
                "ext-json": "*",
                "ext-pcre": "*",
                "ext-reflection": "*",
                "ext-spl": "*",
                "php": ">=5.3.3",
                "phpunit/php-code-coverage": "~1.2",
                "phpunit/php-file-iterator": "~1.3",
                "phpunit/php-text-template": "~1.1",
                "phpunit/php-timer": "~1.0",
                "phpunit/phpunit-mock-objects": "~1.2",
                "symfony/yaml": "~2.0"
            },
            "require-dev": {
                "pear-pear.php.net/pear": "1.9.4"
            },
            "suggest": {
                "phpunit/php-invoker": "~1.1"
            },
            "bin": [
                "composer/bin/phpunit"
            ],
            "type": "library",
            "extra": {
                "branch-alias": {
                    "dev-master": "3.7.x-dev"
                }
            },
            "autoload": {
                "classmap": [
                    "PHPUnit/"
                ]
            },
            "notification-url": "https://packagist.org/downloads/",
            "include-path": [
                "",
                "../../symfony/yaml/"
            ],
            "license": [
                "BSD-3-Clause"
            ],
            "authors": [
                {
                    "name": "Sebastian Bergmann",
                    "email": "sebastian@phpunit.de",
                    "role": "lead"
                }
            ],
            "description": "The PHP Unit Testing framework.",
            "homepage": "http://www.phpunit.de/",
            "keywords": [
                "phpunit",
                "testing",
                "xunit"
            ],
            "time": "2014-04-30 12:24:19"
        },
        {
            "name": "phpunit/phpunit-mock-objects",
            "version": "1.2.x-dev",
            "source": {
                "type": "git",
                "url": "https://github.com/sebastianbergmann/phpunit-mock-objects.git",
                "reference": "c39c4511c3b007539eb170c32cbc2af49a07351a"
            },
            "dist": {
                "type": "zip",
                "url": "https://api.github.com/repos/sebastianbergmann/phpunit-mock-objects/zipball/c39c4511c3b007539eb170c32cbc2af49a07351a",
                "reference": "c39c4511c3b007539eb170c32cbc2af49a07351a",
                "shasum": ""
            },
            "require": {
                "php": ">=5.3.3",
                "phpunit/php-text-template": ">=1.1.1@stable"
            },
            "require-dev": {
                "phpunit/phpunit": "3.7.*@dev"
            },
            "suggest": {
                "ext-soap": "*"
            },
            "type": "library",
            "extra": {
                "branch-alias": {
                    "dev-master": "1.2.x-dev"
                }
            },
            "autoload": {
                "classmap": [
                    "PHPUnit/"
                ]
            },
            "notification-url": "https://packagist.org/downloads/",
            "include-path": [
                ""
            ],
            "license": [
                "BSD-3-Clause"
            ],
            "authors": [
                {
                    "name": "Sebastian Bergmann",
                    "email": "sb@sebastian-bergmann.de",
                    "role": "lead"
                }
            ],
            "description": "Mock Object library for PHPUnit",
            "homepage": "https://github.com/sebastianbergmann/phpunit-mock-objects/",
            "keywords": [
                "mock",
                "xunit"
            ],
            "time": "2014-02-16 12:43:56"
        },
        {
            "name": "squizlabs/php_codesniffer",
            "version": "dev-master",
            "source": {
                "type": "git",
                "url": "https://github.com/squizlabs/PHP_CodeSniffer.git",
                "reference": "f9ee30f5460e21811b72e6e07f1b8ceba704c6cf"
            },
            "dist": {
                "type": "zip",
                "url": "https://api.github.com/repos/squizlabs/PHP_CodeSniffer/zipball/f9ee30f5460e21811b72e6e07f1b8ceba704c6cf",
                "reference": "f9ee30f5460e21811b72e6e07f1b8ceba704c6cf",
                "shasum": ""
            },
            "require": {
                "ext-tokenizer": "*",
                "php": ">=5.1.2"
            },
            "suggest": {
                "phpunit/php-timer": "dev-master"
            },
            "bin": [
                "scripts/phpcs"
            ],
            "type": "library",
            "extra": {
                "branch-alias": {
                    "dev-phpcs-fixer": "2.0.x-dev"
                }
            },
            "autoload": {
                "classmap": [
                    "CodeSniffer.php",
                    "CodeSniffer/CLI.php",
                    "CodeSniffer/Exception.php",
                    "CodeSniffer/File.php",
                    "CodeSniffer/Report.php",
                    "CodeSniffer/Reporting.php",
                    "CodeSniffer/Sniff.php",
                    "CodeSniffer/Tokens.php",
                    "CodeSniffer/Reports/",
                    "CodeSniffer/CommentParser/",
                    "CodeSniffer/Tokenizers/",
                    "CodeSniffer/DocGenerators/",
                    "CodeSniffer/Standards/AbstractPatternSniff.php",
                    "CodeSniffer/Standards/AbstractScopeSniff.php",
                    "CodeSniffer/Standards/AbstractVariableSniff.php",
                    "CodeSniffer/Standards/IncorrectPatternException.php",
                    "CodeSniffer/Standards/Generic/Sniffs/",
                    "CodeSniffer/Standards/MySource/Sniffs/",
                    "CodeSniffer/Standards/PEAR/Sniffs/",
                    "CodeSniffer/Standards/PSR1/Sniffs/",
                    "CodeSniffer/Standards/PSR2/Sniffs/",
                    "CodeSniffer/Standards/Squiz/Sniffs/",
                    "CodeSniffer/Standards/Zend/Sniffs/"
                ]
            },
            "notification-url": "https://packagist.org/downloads/",
            "license": [
                "BSD-3-Clause"
            ],
            "authors": [
                {
                    "name": "Greg Sherwood",
                    "role": "lead"
                }
            ],
            "description": "PHP_CodeSniffer tokenises PHP, JavaScript and CSS files and detects violations of a defined set of coding standards.",
            "homepage": "http://www.squizlabs.com/php-codesniffer",
            "keywords": [
                "phpcs",
                "standards"
            ],
            "time": "2014-05-22 01:56:27"
        },
        {
            "name": "symfony/yaml",
            "version": "dev-master",
            "target-dir": "Symfony/Component/Yaml",
            "source": {
                "type": "git",
                "url": "https://github.com/symfony/Yaml.git",
                "reference": "b01d366060f33e18fd98b0008c41a01b0d25c95c"
            },
            "dist": {
                "type": "zip",
                "url": "https://api.github.com/repos/symfony/Yaml/zipball/b01d366060f33e18fd98b0008c41a01b0d25c95c",
                "reference": "b01d366060f33e18fd98b0008c41a01b0d25c95c",
                "shasum": ""
            },
            "require": {
                "php": ">=5.3.3"
            },
            "type": "library",
            "extra": {
                "branch-alias": {
                    "dev-master": "2.6-dev"
                }
            },
            "autoload": {
                "psr-0": {
                    "Symfony\\Component\\Yaml\\": ""
                }
            },
            "notification-url": "https://packagist.org/downloads/",
            "license": [
                "MIT"
            ],
            "authors": [
                {
                    "name": "Fabien Potencier",
                    "email": "fabien@symfony.com",
                    "homepage": "http://fabien.potencier.org",
                    "role": "Lead Developer"
                },
                {
                    "name": "Symfony Community",
                    "homepage": "http://symfony.com/contributors"
                }
            ],
            "description": "Symfony Yaml Component",
            "homepage": "http://symfony.com",
            "time": "2014-06-04 06:43:44"
        }
    ],
    "aliases": [

    ],
    "minimum-stability": "dev",
    "stability-flags": [

    ],
    "platform": {
        "php": ">=5.3"
    },
    "platform-dev": [

    ]
}
